// !$*UTF8*$!
{
	archiveVersion = 1;
	classes = {
	};
	objectVersion = 46;
	objects = {

/* Begin PBXAggregateTarget section */
		2491B23E25CFC46B4F3FCFDE /* Phase Inverter - All */ = {
			isa = PBXAggregateTarget;
			buildConfigurationList = 40BB8042AAA089954897307D /* Build configuration list for PBXAggregateTarget "Phase Inverter - All" */;
			buildPhases = (
			);
			dependencies = (
				5085AFD8E8571DB34CF05EA0 /* PBXTargetDependency */,
				A0F4660066BEDC45DA475682 /* PBXTargetDependency */,
				10C49837B2099E0C80B5F1A1 /* PBXTargetDependency */,
				FA0ABF8EE448C9BD40077550 /* PBXTargetDependency */,
			);
			name = "Phase Inverter - All";
			productName = "Phase Inverter";
		};
/* End PBXAggregateTarget section */

/* Begin PBXBuildFile section */
		060D7A44717BE59C4EFBDE22 /* include_juce_audio_plugin_client_ARA.cpp in Sources */ = {isa = PBXBuildFile; fileRef = EF828A50A61E0A7EE54B4D45 /* include_juce_audio_plugin_client_ARA.cpp */; };
		0C7D019B50A645408570B154 /* include_juce_gui_extra.mm in Sources */ = {isa = PBXBuildFile; fileRef = 09C5F54951E63497C8D9576B /* include_juce_gui_extra.mm */; };
		0E5F49AD5C2DC6C0629350D5 /* include_juce_core.mm in Sources */ = {isa = PBXBuildFile; fileRef = 6AAC18472E279716F3961C62 /* include_juce_core.mm */; };
		0FDF9A33302EF957416828B8 /* include_juce_audio_plugin_client_VST_utils.mm in Sources */ = {isa = PBXBuildFile; fileRef = 90E61254DB8E0C91DBF7957E /* include_juce_audio_plugin_client_VST_utils.mm */; };
		13D442F90BF6E57B9B937324 /* PluginEditor.cpp in Sources */ = {isa = PBXBuildFile; fileRef = 322DD5B003093B4D6F9864E0 /* PluginEditor.cpp */; };
		152B3E9C1F694642C0D16EA5 /* include_juce_audio_plugin_client_AU_2.mm in Sources */ = {isa = PBXBuildFile; fileRef = 9FA060DDBD62BE5AFEBC78C3 /* include_juce_audio_plugin_client_AU_2.mm */; };
		17D394748207C36FD38B2866 /* AudioUnit.framework in Frameworks */ = {isa = PBXBuildFile; fileRef = 1689EBBEDE572856CFC4EE9A /* AudioUnit.framework */; };
		23892E4466FF34CAB7C781F2 /* IOKit.framework in Frameworks */ = {isa = PBXBuildFile; fileRef = 4DB24C71BB6804C508D5C460 /* IOKit.framework */; };
		2B66D66E56AE8CDEBFCED47D /* include_juce_audio_processors_lv2_libs.cpp in Sources */ = {isa = PBXBuildFile; fileRef = 0D720DE7E2AB09C1F3CC59A9 /* include_juce_audio_processors_lv2_libs.cpp */; };
		2D2E57AC87444300793F2C82 /* include_juce_graphics.mm in Sources */ = {isa = PBXBuildFile; fileRef = 2ED1FE84E7E547AE3FA65F26 /* include_juce_graphics.mm */; };
		2D6E2D73CEE559F55BBC300C /* Accelerate.framework in Frameworks */ = {isa = PBXBuildFile; fileRef = EA65C06B0F432C53BA09A449 /* Accelerate.framework */; };
		3807746E3F98B041081ABCA4 /* CoreAudio.framework in Frameworks */ = {isa = PBXBuildFile; fileRef = 412EA1670EB55EEA5A47015A /* CoreAudio.framework */; };
		3C193C5E0C5977BFF1BC70E3 /* include_juce_audio_basics.mm in Sources */ = {isa = PBXBuildFile; fileRef = BF00A437A9B8DBA23DE2556D /* include_juce_audio_basics.mm */; };
		5104ECE80FCC47F3A1599BA1 /* CoreMIDI.framework in Frameworks */ = {isa = PBXBuildFile; fileRef = 5C74224FCD7CA9BCFF264066 /* CoreMIDI.framework */; };
		58C1570488C49946DA110BEA /* DiscRecording.framework in Frameworks */ = {isa = PBXBuildFile; fileRef = 057A29A64DBEB8F91A41FDFD /* DiscRecording.framework */; };
		594DA996599D505B2ADEE542 /* WebKit.framework in Frameworks */ = {isa = PBXBuildFile; fileRef = 0CB0AAC9BB3260B0FF10AD00 /* WebKit.framework */; };
		6571D4AB2915805D00129462 /* RecentFilesMenuTemplate.nib in Resources */ = {isa = PBXBuildFile; fileRef = D828F848CA78335F813E510D /* RecentFilesMenuTemplate.nib */; };
		6571D4AC2915805D00129462 /* Accelerate.framework in Frameworks */ = {isa = PBXBuildFile; fileRef = EA65C06B0F432C53BA09A449 /* Accelerate.framework */; };
		6571D4AD2915805D00129462 /* AudioToolbox.framework in Frameworks */ = {isa = PBXBuildFile; fileRef = 01EEF6810461E671DCE2D3AB /* AudioToolbox.framework */; };
		6571D4AE2915805D00129462 /* Cocoa.framework in Frameworks */ = {isa = PBXBuildFile; fileRef = E5334E7BE8DE85A8779ECC14 /* Cocoa.framework */; };
		6571D4AF2915805D00129462 /* CoreAudio.framework in Frameworks */ = {isa = PBXBuildFile; fileRef = 412EA1670EB55EEA5A47015A /* CoreAudio.framework */; };
		6571D4B02915805D00129462 /* CoreAudioKit.framework in Frameworks */ = {isa = PBXBuildFile; fileRef = E14F85F1D5628731B6BF8AC9 /* CoreAudioKit.framework */; };
		6571D4B12915805D00129462 /* CoreMIDI.framework in Frameworks */ = {isa = PBXBuildFile; fileRef = 5C74224FCD7CA9BCFF264066 /* CoreMIDI.framework */; };
		6571D4B22915805D00129462 /* DiscRecording.framework in Frameworks */ = {isa = PBXBuildFile; fileRef = 057A29A64DBEB8F91A41FDFD /* DiscRecording.framework */; };
		6571D4B32915805D00129462 /* Foundation.framework in Frameworks */ = {isa = PBXBuildFile; fileRef = F57CF113E29B948BE7D79F52 /* Foundation.framework */; };
		6571D4B42915805D00129462 /* IOKit.framework in Frameworks */ = {isa = PBXBuildFile; fileRef = 4DB24C71BB6804C508D5C460 /* IOKit.framework */; };
		6571D4B52915805D00129462 /* QuartzCore.framework in Frameworks */ = {isa = PBXBuildFile; fileRef = BCCBB54BC1475B3A27F01732 /* QuartzCore.framework */; };
		6571D4B62915805D00129462 /* WebKit.framework in Frameworks */ = {isa = PBXBuildFile; fileRef = 0CB0AAC9BB3260B0FF10AD00 /* WebKit.framework */; };
		6571D4B72915805D00129462 /* RecentFilesMenuTemplate.nib in Resources */ = {isa = PBXBuildFile; fileRef = D828F848CA78335F813E510D /* RecentFilesMenuTemplate.nib */; };
		6571D4B82915805D00129462 /* Accelerate.framework in Frameworks */ = {isa = PBXBuildFile; fileRef = EA65C06B0F432C53BA09A449 /* Accelerate.framework */; };
		6571D4B92915805D00129462 /* AudioToolbox.framework in Frameworks */ = {isa = PBXBuildFile; fileRef = 01EEF6810461E671DCE2D3AB /* AudioToolbox.framework */; };
		6571D4BA2915805D00129462 /* Cocoa.framework in Frameworks */ = {isa = PBXBuildFile; fileRef = E5334E7BE8DE85A8779ECC14 /* Cocoa.framework */; };
		6571D4BB2915805D00129462 /* CoreAudio.framework in Frameworks */ = {isa = PBXBuildFile; fileRef = 412EA1670EB55EEA5A47015A /* CoreAudio.framework */; };
		6571D4BC2915805D00129462 /* CoreAudioKit.framework in Frameworks */ = {isa = PBXBuildFile; fileRef = E14F85F1D5628731B6BF8AC9 /* CoreAudioKit.framework */; };
		6571D4BD2915805D00129462 /* CoreMIDI.framework in Frameworks */ = {isa = PBXBuildFile; fileRef = 5C74224FCD7CA9BCFF264066 /* CoreMIDI.framework */; };
		6571D4BE2915805D00129462 /* DiscRecording.framework in Frameworks */ = {isa = PBXBuildFile; fileRef = 057A29A64DBEB8F91A41FDFD /* DiscRecording.framework */; };
		6571D4BF2915805D00129462 /* Foundation.framework in Frameworks */ = {isa = PBXBuildFile; fileRef = F57CF113E29B948BE7D79F52 /* Foundation.framework */; };
		6571D4C02915805D00129462 /* IOKit.framework in Frameworks */ = {isa = PBXBuildFile; fileRef = 4DB24C71BB6804C508D5C460 /* IOKit.framework */; };
		6571D4C12915805D00129462 /* QuartzCore.framework in Frameworks */ = {isa = PBXBuildFile; fileRef = BCCBB54BC1475B3A27F01732 /* QuartzCore.framework */; };
		6571D4C22915805D00129462 /* WebKit.framework in Frameworks */ = {isa = PBXBuildFile; fileRef = 0CB0AAC9BB3260B0FF10AD00 /* WebKit.framework */; };
		6786009EE7789ABDBBDBC002 /* AudioToolbox.framework in Frameworks */ = {isa = PBXBuildFile; fileRef = 01EEF6810461E671DCE2D3AB /* AudioToolbox.framework */; };
		67B06B1F14F502A0C9E5D666 /* include_juce_audio_plugin_client_VST3.cpp in Sources */ = {isa = PBXBuildFile; fileRef = E0688623B0A2CDFB38A56CD9 /* include_juce_audio_plugin_client_VST3.cpp */; };
		680E08F096FF85F0ABAFEF10 /* include_juce_dsp.mm in Sources */ = {isa = PBXBuildFile; fileRef = D2AEAD0D0BF1CBFDE35348BB /* include_juce_dsp.mm */; };
		6E1FEAA0D36B447E250029F2 /* Foundation.framework in Frameworks */ = {isa = PBXBuildFile; fileRef = F57CF113E29B948BE7D79F52 /* Foundation.framework */; };
		711AE3233DF59928F71AED6C /* include_juce_audio_processors.mm in Sources */ = {isa = PBXBuildFile; fileRef = 3933F31A63A93FEE159C74B2 /* include_juce_audio_processors.mm */; };
		7950401A081D7D235953E41E /* CoreAudioKit.framework in Frameworks */ = {isa = PBXBuildFile; fileRef = E14F85F1D5628731B6BF8AC9 /* CoreAudioKit.framework */; };
		82D7213253DD8B15E1CF347B /* include_juce_audio_plugin_client_Standalone.cpp in Sources */ = {isa = PBXBuildFile; fileRef = 7C18EF334462367488D5B82F /* include_juce_audio_plugin_client_Standalone.cpp */; };
		82F0E12277A57CFB4570B441 /* include_juce_audio_plugin_client_utils.cpp in Sources */ = {isa = PBXBuildFile; fileRef = 890CDEA46555D7375A02DBB3 /* include_juce_audio_plugin_client_utils.cpp */; };
		8F35392DB9E21A3B245526F7 /* include_juce_audio_devices.mm in Sources */ = {isa = PBXBuildFile; fileRef = 92ACD21F192405F6D23C1468 /* include_juce_audio_devices.mm */; };
		90DF4136D4A1DB9A6452C364 /* include_juce_audio_utils.mm in Sources */ = {isa = PBXBuildFile; fileRef = 74BCF54AEDA40C3B8EC68DBA /* include_juce_audio_utils.mm */; };
		91B123F28F73D29C3DA3F015 /* include_juce_events.mm in Sources */ = {isa = PBXBuildFile; fileRef = 9820E8FD03D451B700FE7B19 /* include_juce_events.mm */; };
		9A138C2C58FE8791099B5B45 /* PluginProcessor.cpp in Sources */ = {isa = PBXBuildFile; fileRef = 5D3E7C338C4119EC8DC85601 /* PluginProcessor.cpp */; };
		9D8970D4D91C5005AE0689B2 /* include_juce_audio_processors_ara.cpp in Sources */ = {isa = PBXBuildFile; fileRef = 3834DB04D7A619E4245B7C92 /* include_juce_audio_processors_ara.cpp */; };
		AE0C2532AFB9DF3639B62F95 /* include_juce_data_structures.mm in Sources */ = {isa = PBXBuildFile; fileRef = A4B09BA9E95014E1BD917BA1 /* include_juce_data_structures.mm */; };
		BA5A00A1D2787299B03AFD15 /* include_juce_audio_plugin_client_AU_1.mm in Sources */ = {isa = PBXBuildFile; fileRef = 75DFE015F7AB4A40820DBC96 /* include_juce_audio_plugin_client_AU_1.mm */; };
		BBC833C1B423E6781DAEF64C /* RecentFilesMenuTemplate.nib in Resources */ = {isa = PBXBuildFile; fileRef = D828F848CA78335F813E510D /* RecentFilesMenuTemplate.nib */; };
		E9FC26198C632F5DC33A0126 /* Cocoa.framework in Frameworks */ = {isa = PBXBuildFile; fileRef = E5334E7BE8DE85A8779ECC14 /* Cocoa.framework */; };
		EB3E8E27AA41B63AF130CE0B /* include_juce_gui_basics.mm in Sources */ = {isa = PBXBuildFile; fileRef = 5DE2348611226EFC02DD7F69 /* include_juce_gui_basics.mm */; };
		F0DDD5400D46ACD66B5B4208 /* include_juce_audio_plugin_client_AU.r in Rez */ = {isa = PBXBuildFile; fileRef = D21E03C1F2487581FD2D376D /* include_juce_audio_plugin_client_AU.r */; };
		F7E20562CE0038B24D4D085F /* include_juce_audio_formats.mm in Sources */ = {isa = PBXBuildFile; fileRef = 430982D0E4E6ADBA7364F0B8 /* include_juce_audio_formats.mm */; };
		FC750D04823C9E5769D40C9B /* QuartzCore.framework in Frameworks */ = {isa = PBXBuildFile; fileRef = BCCBB54BC1475B3A27F01732 /* QuartzCore.framework */; };
/* End PBXBuildFile section */

/* Begin PBXContainerItemProxy section */
		6571D4C32915805F00129462 /* PBXContainerItemProxy */ = {
			isa = PBXContainerItemProxy;
			containerPortal = 06F8B82402484593245477AB /* Project object */;
			proxyType = 1;
			remoteGlobalIDString = B55EE2A1EFF871676F593175;
			remoteInfo = "Phase Inverter - Shared Code";
		};
		6571D4C42915805F00129462 /* PBXContainerItemProxy */ = {
			isa = PBXContainerItemProxy;
			containerPortal = 06F8B82402484593245477AB /* Project object */;
			proxyType = 1;
			remoteGlobalIDString = B55EE2A1EFF871676F593175;
			remoteInfo = "Phase Inverter - Shared Code";
		};
		6571D4C52915805F00129462 /* PBXContainerItemProxy */ = {
			isa = PBXContainerItemProxy;
			containerPortal = 06F8B82402484593245477AB /* Project object */;
			proxyType = 1;
			remoteGlobalIDString = B55EE2A1EFF871676F593175;
			remoteInfo = "Phase Inverter - Shared Code";
		};
		6571D4C62915805F00129462 /* PBXContainerItemProxy */ = {
			isa = PBXContainerItemProxy;
			containerPortal = 06F8B82402484593245477AB /* Project object */;
			proxyType = 1;
			remoteGlobalIDString = 91B30E05F5582F41E7D3351D;
			remoteInfo = "Phase Inverter - VST3";
		};
		6571D4C72915805F00129462 /* PBXContainerItemProxy */ = {
			isa = PBXContainerItemProxy;
			containerPortal = 06F8B82402484593245477AB /* Project object */;
			proxyType = 1;
			remoteGlobalIDString = 4D58E94C29C53F59202F9FC3;
			remoteInfo = "Phase Inverter - AU";
		};
		6571D4C82915805F00129462 /* PBXContainerItemProxy */ = {
			isa = PBXContainerItemProxy;
			containerPortal = 06F8B82402484593245477AB /* Project object */;
			proxyType = 1;
			remoteGlobalIDString = AE5E64B5F083AB53FFF738C6;
			remoteInfo = "Phase Inverter - Standalone Plugin";
		};
		6571D4C92915805F00129462 /* PBXContainerItemProxy */ = {
			isa = PBXContainerItemProxy;
			containerPortal = 06F8B82402484593245477AB /* Project object */;
			proxyType = 1;
			remoteGlobalIDString = B55EE2A1EFF871676F593175;
			remoteInfo = "Phase Inverter - Shared Code";
		};
/* End PBXContainerItemProxy section */

/* Begin PBXFileReference section */
		01EEF6810461E671DCE2D3AB /* AudioToolbox.framework */ = {isa = PBXFileReference; lastKnownFileType = wrapper.framework; name = AudioToolbox.framework; path = System/Library/Frameworks/AudioToolbox.framework; sourceTree = SDKROOT; };
		057A29A64DBEB8F91A41FDFD /* DiscRecording.framework */ = {isa = PBXFileReference; lastKnownFileType = wrapper.framework; name = DiscRecording.framework; path = System/Library/Frameworks/DiscRecording.framework; sourceTree = SDKROOT; };
		09C5F54951E63497C8D9576B /* include_juce_gui_extra.mm */ = {isa = PBXFileReference; lastKnownFileType = sourcecode.cpp.objcpp; name = include_juce_gui_extra.mm; path = ../../JuceLibraryCode/include_juce_gui_extra.mm; sourceTree = SOURCE_ROOT; };
		0CB0AAC9BB3260B0FF10AD00 /* WebKit.framework */ = {isa = PBXFileReference; lastKnownFileType = wrapper.framework; name = WebKit.framework; path = System/Library/Frameworks/WebKit.framework; sourceTree = SDKROOT; };
		0D720DE7E2AB09C1F3CC59A9 /* include_juce_audio_processors_lv2_libs.cpp */ = {isa = PBXFileReference; lastKnownFileType = sourcecode.cpp.cpp; name = include_juce_audio_processors_lv2_libs.cpp; path = ../../JuceLibraryCode/include_juce_audio_processors_lv2_libs.cpp; sourceTree = SOURCE_ROOT; };
		0E4FB6734F6233B9A44E22D4 /* juce_gui_extra */ = {isa = PBXFileReference; lastKnownFileType = folder; name = juce_gui_extra; path = "~/JUCE/modules/juce_gui_extra"; sourceTree = "<absolute>"; };
		1310837C974AF933161FC869 /* juce_dsp */ = {isa = PBXFileReference; lastKnownFileType = folder; name = juce_dsp; path = "~/JUCE/modules/juce_dsp"; sourceTree = "<absolute>"; };
		146A9FBC64C979D894FA9974 /* juce_data_structures */ = {isa = PBXFileReference; lastKnownFileType = folder; name = juce_data_structures; path = "~/JUCE/modules/juce_data_structures"; sourceTree = "<absolute>"; };
		1689EBBEDE572856CFC4EE9A /* AudioUnit.framework */ = {isa = PBXFileReference; lastKnownFileType = wrapper.framework; name = AudioUnit.framework; path = System/Library/Frameworks/AudioUnit.framework; sourceTree = SDKROOT; };
		18D6910809584D181D509D0E /* Info-AU.plist */ = {isa = PBXFileReference; lastKnownFileType = text.plist.xml; path = "Info-AU.plist"; sourceTree = SOURCE_ROOT; };
		2ED1FE84E7E547AE3FA65F26 /* include_juce_graphics.mm */ = {isa = PBXFileReference; lastKnownFileType = sourcecode.cpp.objcpp; name = include_juce_graphics.mm; path = ../../JuceLibraryCode/include_juce_graphics.mm; sourceTree = SOURCE_ROOT; };
		314D90A1BAFF7CB2E2A45981 /* PluginProcessor.h */ = {isa = PBXFileReference; lastKnownFileType = sourcecode.c.h; name = PluginProcessor.h; path = ../../Source/PluginProcessor.h; sourceTree = SOURCE_ROOT; };
		322DD5B003093B4D6F9864E0 /* PluginEditor.cpp */ = {isa = PBXFileReference; lastKnownFileType = sourcecode.cpp.cpp; name = PluginEditor.cpp; path = ../../Source/PluginEditor.cpp; sourceTree = SOURCE_ROOT; };
		3834DB04D7A619E4245B7C92 /* include_juce_audio_processors_ara.cpp */ = {isa = PBXFileReference; lastKnownFileType = sourcecode.cpp.cpp; name = include_juce_audio_processors_ara.cpp; path = ../../JuceLibraryCode/include_juce_audio_processors_ara.cpp; sourceTree = SOURCE_ROOT; };
		3933F31A63A93FEE159C74B2 /* include_juce_audio_processors.mm */ = {isa = PBXFileReference; lastKnownFileType = sourcecode.cpp.objcpp; name = include_juce_audio_processors.mm; path = ../../JuceLibraryCode/include_juce_audio_processors.mm; sourceTree = SOURCE_ROOT; };
		411A4B6D96452AF962CCC5DB /* juce_graphics */ = {isa = PBXFileReference; lastKnownFileType = folder; name = juce_graphics; path = "~/JUCE/modules/juce_graphics"; sourceTree = "<absolute>"; };
		412EA1670EB55EEA5A47015A /* CoreAudio.framework */ = {isa = PBXFileReference; lastKnownFileType = wrapper.framework; name = CoreAudio.framework; path = System/Library/Frameworks/CoreAudio.framework; sourceTree = SDKROOT; };
		430982D0E4E6ADBA7364F0B8 /* include_juce_audio_formats.mm */ = {isa = PBXFileReference; lastKnownFileType = sourcecode.cpp.objcpp; name = include_juce_audio_formats.mm; path = ../../JuceLibraryCode/include_juce_audio_formats.mm; sourceTree = SOURCE_ROOT; };
		449F472CC41D6748B099972C /* libPhase Inverter.a */ = {isa = PBXFileReference; explicitFileType = archive.ar; includeInIndex = 0; path = "libPhase Inverter.a"; sourceTree = BUILT_PRODUCTS_DIR; };
		45454E4CEDB16DCA89E893D6 /* juce_audio_formats */ = {isa = PBXFileReference; lastKnownFileType = folder; name = juce_audio_formats; path = "~/JUCE/modules/juce_audio_formats"; sourceTree = "<absolute>"; };
		4718E151D9CDFD323B316C0C /* juce_audio_processors */ = {isa = PBXFileReference; lastKnownFileType = folder; name = juce_audio_processors; path = "~/JUCE/modules/juce_audio_processors"; sourceTree = "<absolute>"; };
		4DB24C71BB6804C508D5C460 /* IOKit.framework */ = {isa = PBXFileReference; lastKnownFileType = wrapper.framework; name = IOKit.framework; path = System/Library/Frameworks/IOKit.framework; sourceTree = SDKROOT; };
		55C1DC56C2588D3A2BC49EA0 /* Phase Inverter.app */ = {isa = PBXFileReference; explicitFileType = wrapper.application; includeInIndex = 0; path = "Phase Inverter.app"; sourceTree = BUILT_PRODUCTS_DIR; };
		5C74224FCD7CA9BCFF264066 /* CoreMIDI.framework */ = {isa = PBXFileReference; lastKnownFileType = wrapper.framework; name = CoreMIDI.framework; path = System/Library/Frameworks/CoreMIDI.framework; sourceTree = SDKROOT; };
		5D3E7C338C4119EC8DC85601 /* PluginProcessor.cpp */ = {isa = PBXFileReference; lastKnownFileType = sourcecode.cpp.cpp; name = PluginProcessor.cpp; path = ../../Source/PluginProcessor.cpp; sourceTree = SOURCE_ROOT; };
		5DE2348611226EFC02DD7F69 /* include_juce_gui_basics.mm */ = {isa = PBXFileReference; lastKnownFileType = sourcecode.cpp.objcpp; name = include_juce_gui_basics.mm; path = ../../JuceLibraryCode/include_juce_gui_basics.mm; sourceTree = SOURCE_ROOT; };
		5EE29E7FE4B7E603E8704863 /* juce_audio_basics */ = {isa = PBXFileReference; lastKnownFileType = folder; name = juce_audio_basics; path = "~/JUCE/modules/juce_audio_basics"; sourceTree = "<absolute>"; };
		6AAC18472E279716F3961C62 /* include_juce_core.mm */ = {isa = PBXFileReference; lastKnownFileType = sourcecode.cpp.objcpp; name = include_juce_core.mm; path = ../../JuceLibraryCode/include_juce_core.mm; sourceTree = SOURCE_ROOT; };
		74BCF54AEDA40C3B8EC68DBA /* include_juce_audio_utils.mm */ = {isa = PBXFileReference; lastKnownFileType = sourcecode.cpp.objcpp; name = include_juce_audio_utils.mm; path = ../../JuceLibraryCode/include_juce_audio_utils.mm; sourceTree = SOURCE_ROOT; };
		75DFE015F7AB4A40820DBC96 /* include_juce_audio_plugin_client_AU_1.mm */ = {isa = PBXFileReference; lastKnownFileType = sourcecode.cpp.objcpp; name = include_juce_audio_plugin_client_AU_1.mm; path = ../../JuceLibraryCode/include_juce_audio_plugin_client_AU_1.mm; sourceTree = SOURCE_ROOT; };
		7C18EF334462367488D5B82F /* include_juce_audio_plugin_client_Standalone.cpp */ = {isa = PBXFileReference; lastKnownFileType = sourcecode.cpp.cpp; name = include_juce_audio_plugin_client_Standalone.cpp; path = ../../JuceLibraryCode/include_juce_audio_plugin_client_Standalone.cpp; sourceTree = SOURCE_ROOT; };
		7C5A7141FDAA39357215AC40 /* juce_audio_utils */ = {isa = PBXFileReference; lastKnownFileType = folder; name = juce_audio_utils; path = "~/JUCE/modules/juce_audio_utils"; sourceTree = "<absolute>"; };
		7F5EECB673BE5F5BDCEB61BE /* Info-VST3.plist */ = {isa = PBXFileReference; lastKnownFileType = text.plist.xml; path = "Info-VST3.plist"; sourceTree = SOURCE_ROOT; };
		890CDEA46555D7375A02DBB3 /* include_juce_audio_plugin_client_utils.cpp */ = {isa = PBXFileReference; lastKnownFileType = sourcecode.cpp.cpp; name = include_juce_audio_plugin_client_utils.cpp; path = ../../JuceLibraryCode/include_juce_audio_plugin_client_utils.cpp; sourceTree = SOURCE_ROOT; };
		90E61254DB8E0C91DBF7957E /* include_juce_audio_plugin_client_VST_utils.mm */ = {isa = PBXFileReference; lastKnownFileType = sourcecode.cpp.objcpp; name = include_juce_audio_plugin_client_VST_utils.mm; path = ../../JuceLibraryCode/include_juce_audio_plugin_client_VST_utils.mm; sourceTree = SOURCE_ROOT; };
		92ACD21F192405F6D23C1468 /* include_juce_audio_devices.mm */ = {isa = PBXFileReference; lastKnownFileType = sourcecode.cpp.objcpp; name = include_juce_audio_devices.mm; path = ../../JuceLibraryCode/include_juce_audio_devices.mm; sourceTree = SOURCE_ROOT; };
		9820E8FD03D451B700FE7B19 /* include_juce_events.mm */ = {isa = PBXFileReference; lastKnownFileType = sourcecode.cpp.objcpp; name = include_juce_events.mm; path = ../../JuceLibraryCode/include_juce_events.mm; sourceTree = SOURCE_ROOT; };
		9EE5FA0CBF78F640AE82BCD5 /* juce_audio_plugin_client */ = {isa = PBXFileReference; lastKnownFileType = folder; name = juce_audio_plugin_client; path = "~/JUCE/modules/juce_audio_plugin_client"; sourceTree = "<absolute>"; };
		9FA060DDBD62BE5AFEBC78C3 /* include_juce_audio_plugin_client_AU_2.mm */ = {isa = PBXFileReference; lastKnownFileType = sourcecode.cpp.objcpp; name = include_juce_audio_plugin_client_AU_2.mm; path = ../../JuceLibraryCode/include_juce_audio_plugin_client_AU_2.mm; sourceTree = SOURCE_ROOT; };
		A4B09BA9E95014E1BD917BA1 /* include_juce_data_structures.mm */ = {isa = PBXFileReference; lastKnownFileType = sourcecode.cpp.objcpp; name = include_juce_data_structures.mm; path = ../../JuceLibraryCode/include_juce_data_structures.mm; sourceTree = SOURCE_ROOT; };
		A76930103CD4C12D2E24C636 /* Phase Inverter.vst3 */ = {isa = PBXFileReference; explicitFileType = wrapper.cfbundle; includeInIndex = 0; path = "Phase Inverter.vst3"; sourceTree = BUILT_PRODUCTS_DIR; };
		B8E7B73C707F366AA2297A47 /* juce_core */ = {isa = PBXFileReference; lastKnownFileType = folder; name = juce_core; path = "~/JUCE/modules/juce_core"; sourceTree = "<absolute>"; };
		BAA8A93E8FBDF51E8BAFF70B /* juce_gui_basics */ = {isa = PBXFileReference; lastKnownFileType = folder; name = juce_gui_basics; path = "~/JUCE/modules/juce_gui_basics"; sourceTree = "<absolute>"; };
		BACF382041CD347B5F0DC6EA /* Info-Standalone_Plugin.plist */ = {isa = PBXFileReference; lastKnownFileType = text.plist.xml; path = "Info-Standalone_Plugin.plist"; sourceTree = SOURCE_ROOT; };
		BCCBB54BC1475B3A27F01732 /* QuartzCore.framework */ = {isa = PBXFileReference; lastKnownFileType = wrapper.framework; name = QuartzCore.framework; path = System/Library/Frameworks/QuartzCore.framework; sourceTree = SDKROOT; };
		BF00A437A9B8DBA23DE2556D /* include_juce_audio_basics.mm */ = {isa = PBXFileReference; lastKnownFileType = sourcecode.cpp.objcpp; name = include_juce_audio_basics.mm; path = ../../JuceLibraryCode/include_juce_audio_basics.mm; sourceTree = SOURCE_ROOT; };
		BFBCF04A1C768D2BCEC32598 /* juce_events */ = {isa = PBXFileReference; lastKnownFileType = folder; name = juce_events; path = "~/JUCE/modules/juce_events"; sourceTree = "<absolute>"; };
		C7953C17933057BB2F4C86B3 /* JucePluginDefines.h */ = {isa = PBXFileReference; lastKnownFileType = sourcecode.c.h; name = JucePluginDefines.h; path = ../../JuceLibraryCode/JucePluginDefines.h; sourceTree = SOURCE_ROOT; };
		D21E03C1F2487581FD2D376D /* include_juce_audio_plugin_client_AU.r */ = {isa = PBXFileReference; lastKnownFileType = file.r; name = include_juce_audio_plugin_client_AU.r; path = ../../JuceLibraryCode/include_juce_audio_plugin_client_AU.r; sourceTree = SOURCE_ROOT; };
		D2AEAD0D0BF1CBFDE35348BB /* include_juce_dsp.mm */ = {isa = PBXFileReference; lastKnownFileType = sourcecode.cpp.objcpp; name = include_juce_dsp.mm; path = ../../JuceLibraryCode/include_juce_dsp.mm; sourceTree = SOURCE_ROOT; };
		D6702BA019EFF6902448BF58 /* Phase Inverter.component */ = {isa = PBXFileReference; explicitFileType = wrapper.cfbundle; includeInIndex = 0; path = "Phase Inverter.component"; sourceTree = BUILT_PRODUCTS_DIR; };
		D689C13F6AEDEDED78517785 /* juce_audio_devices */ = {isa = PBXFileReference; lastKnownFileType = folder; name = juce_audio_devices; path = "~/JUCE/modules/juce_audio_devices"; sourceTree = "<absolute>"; };
		D828F848CA78335F813E510D /* RecentFilesMenuTemplate.nib */ = {isa = PBXFileReference; lastKnownFileType = file.nib; path = RecentFilesMenuTemplate.nib; sourceTree = SOURCE_ROOT; };
		E0688623B0A2CDFB38A56CD9 /* include_juce_audio_plugin_client_VST3.cpp */ = {isa = PBXFileReference; lastKnownFileType = sourcecode.cpp.cpp; name = include_juce_audio_plugin_client_VST3.cpp; path = ../../JuceLibraryCode/include_juce_audio_plugin_client_VST3.cpp; sourceTree = SOURCE_ROOT; };
		E14F85F1D5628731B6BF8AC9 /* CoreAudioKit.framework */ = {isa = PBXFileReference; lastKnownFileType = wrapper.framework; name = CoreAudioKit.framework; path = System/Library/Frameworks/CoreAudioKit.framework; sourceTree = SDKROOT; };
		E5334E7BE8DE85A8779ECC14 /* Cocoa.framework */ = {isa = PBXFileReference; lastKnownFileType = wrapper.framework; name = Cocoa.framework; path = System/Library/Frameworks/Cocoa.framework; sourceTree = SDKROOT; };
		E8C859DDB6A07FD8A8C210CA /* JuceHeader.h */ = {isa = PBXFileReference; lastKnownFileType = sourcecode.c.h; name = JuceHeader.h; path = ../../JuceLibraryCode/JuceHeader.h; sourceTree = SOURCE_ROOT; };
		EA65C06B0F432C53BA09A449 /* Accelerate.framework */ = {isa = PBXFileReference; lastKnownFileType = wrapper.framework; name = Accelerate.framework; path = System/Library/Frameworks/Accelerate.framework; sourceTree = SDKROOT; };
		EF828A50A61E0A7EE54B4D45 /* include_juce_audio_plugin_client_ARA.cpp */ = {isa = PBXFileReference; lastKnownFileType = sourcecode.cpp.cpp; name = include_juce_audio_plugin_client_ARA.cpp; path = ../../JuceLibraryCode/include_juce_audio_plugin_client_ARA.cpp; sourceTree = SOURCE_ROOT; };
		F20D4A54EBBA72A5B26F5091 /* PluginEditor.h */ = {isa = PBXFileReference; lastKnownFileType = sourcecode.c.h; name = PluginEditor.h; path = ../../Source/PluginEditor.h; sourceTree = SOURCE_ROOT; };
		F57CF113E29B948BE7D79F52 /* Foundation.framework */ = {isa = PBXFileReference; lastKnownFileType = wrapper.framework; name = Foundation.framework; path = System/Library/Frameworks/Foundation.framework; sourceTree = SDKROOT; };
/* End PBXFileReference section */

/* Begin PBXFrameworksBuildPhase section */
		523B38297087FA33DD562A79 /* Frameworks */ = {
			isa = PBXFrameworksBuildPhase;
			buildActionMask = 2147483647;
			files = (
				17D394748207C36FD38B2866 /* AudioUnit.framework in Frameworks */,
				6571D4AC2915805D00129462 /* Accelerate.framework in Frameworks */,
				6571D4AD2915805D00129462 /* AudioToolbox.framework in Frameworks */,
				6571D4AE2915805D00129462 /* Cocoa.framework in Frameworks */,
				6571D4AF2915805D00129462 /* CoreAudio.framework in Frameworks */,
				6571D4B02915805D00129462 /* CoreAudioKit.framework in Frameworks */,
				6571D4B12915805D00129462 /* CoreMIDI.framework in Frameworks */,
				6571D4B22915805D00129462 /* DiscRecording.framework in Frameworks */,
				6571D4B32915805D00129462 /* Foundation.framework in Frameworks */,
				6571D4B42915805D00129462 /* IOKit.framework in Frameworks */,
				6571D4B52915805D00129462 /* QuartzCore.framework in Frameworks */,
				6571D4B62915805D00129462 /* WebKit.framework in Frameworks */,
			);
			runOnlyForDeploymentPostprocessing = 0;
		};
		5D9632367CA771D4497DA26C /* Frameworks */ = {
			isa = PBXFrameworksBuildPhase;
			buildActionMask = 2147483647;
			files = (
				6571D4B82915805D00129462 /* Accelerate.framework in Frameworks */,
				6571D4B92915805D00129462 /* AudioToolbox.framework in Frameworks */,
				6571D4BA2915805D00129462 /* Cocoa.framework in Frameworks */,
				6571D4BB2915805D00129462 /* CoreAudio.framework in Frameworks */,
				6571D4BC2915805D00129462 /* CoreAudioKit.framework in Frameworks */,
				6571D4BD2915805D00129462 /* CoreMIDI.framework in Frameworks */,
				6571D4BE2915805D00129462 /* DiscRecording.framework in Frameworks */,
				6571D4BF2915805D00129462 /* Foundation.framework in Frameworks */,
				6571D4C02915805D00129462 /* IOKit.framework in Frameworks */,
				6571D4C12915805D00129462 /* QuartzCore.framework in Frameworks */,
				6571D4C22915805D00129462 /* WebKit.framework in Frameworks */,
			);
			runOnlyForDeploymentPostprocessing = 0;
		};
		AC0B697107AE63CF3A4AAB41 /* Frameworks */ = {
			isa = PBXFrameworksBuildPhase;
			buildActionMask = 2147483647;
			files = (
				2D6E2D73CEE559F55BBC300C /* Accelerate.framework in Frameworks */,
				6786009EE7789ABDBBDBC002 /* AudioToolbox.framework in Frameworks */,
				E9FC26198C632F5DC33A0126 /* Cocoa.framework in Frameworks */,
				3807746E3F98B041081ABCA4 /* CoreAudio.framework in Frameworks */,
				7950401A081D7D235953E41E /* CoreAudioKit.framework in Frameworks */,
				5104ECE80FCC47F3A1599BA1 /* CoreMIDI.framework in Frameworks */,
				58C1570488C49946DA110BEA /* DiscRecording.framework in Frameworks */,
				6E1FEAA0D36B447E250029F2 /* Foundation.framework in Frameworks */,
				23892E4466FF34CAB7C781F2 /* IOKit.framework in Frameworks */,
				FC750D04823C9E5769D40C9B /* QuartzCore.framework in Frameworks */,
				594DA996599D505B2ADEE542 /* WebKit.framework in Frameworks */,
			);
			runOnlyForDeploymentPostprocessing = 0;
		};
/* End PBXFrameworksBuildPhase section */

/* Begin PBXGroup section */
		09803B98652BEDF8986B68AA /* Source */ = {
			isa = PBXGroup;
			children = (
				5D3E7C338C4119EC8DC85601 /* PluginProcessor.cpp */,
				314D90A1BAFF7CB2E2A45981 /* PluginProcessor.h */,
				322DD5B003093B4D6F9864E0 /* PluginEditor.cpp */,
				F20D4A54EBBA72A5B26F5091 /* PluginEditor.h */,
			);
			name = Source;
			sourceTree = "<group>";
		};
		20B75BE3ED1790D4A55204A7 /* JUCE Modules */ = {
			isa = PBXGroup;
			children = (
				5EE29E7FE4B7E603E8704863 /* juce_audio_basics */,
				D689C13F6AEDEDED78517785 /* juce_audio_devices */,
				45454E4CEDB16DCA89E893D6 /* juce_audio_formats */,
				9EE5FA0CBF78F640AE82BCD5 /* juce_audio_plugin_client */,
				4718E151D9CDFD323B316C0C /* juce_audio_processors */,
				7C5A7141FDAA39357215AC40 /* juce_audio_utils */,
				B8E7B73C707F366AA2297A47 /* juce_core */,
				146A9FBC64C979D894FA9974 /* juce_data_structures */,
				1310837C974AF933161FC869 /* juce_dsp */,
				BFBCF04A1C768D2BCEC32598 /* juce_events */,
				411A4B6D96452AF962CCC5DB /* juce_graphics */,
				BAA8A93E8FBDF51E8BAFF70B /* juce_gui_basics */,
				0E4FB6734F6233B9A44E22D4 /* juce_gui_extra */,
			);
			name = "JUCE Modules";
			sourceTree = "<group>";
		};
		2D5EFF6CAEBC54B535804788 /* Products */ = {
			isa = PBXGroup;
			children = (
				A76930103CD4C12D2E24C636 /* Phase Inverter.vst3 */,
				D6702BA019EFF6902448BF58 /* Phase Inverter.component */,
				55C1DC56C2588D3A2BC49EA0 /* Phase Inverter.app */,
				449F472CC41D6748B099972C /* libPhase Inverter.a */,
			);
			name = Products;
			sourceTree = "<group>";
		};
		2E7DC1B4B8350385C7CE20A3 /* Resources */ = {
			isa = PBXGroup;
			children = (
				7F5EECB673BE5F5BDCEB61BE /* Info-VST3.plist */,
				18D6910809584D181D509D0E /* Info-AU.plist */,
				BACF382041CD347B5F0DC6EA /* Info-Standalone_Plugin.plist */,
				D828F848CA78335F813E510D /* RecentFilesMenuTemplate.nib */,
			);
			name = Resources;
			sourceTree = "<group>";
		};
		4C2B831B288BD73DA38EE870 /* Source */ = {
			isa = PBXGroup;
			children = (
				F128C3167386F2E12BFDA8EF /* Phase Inverter */,
				20B75BE3ED1790D4A55204A7 /* JUCE Modules */,
				59049861696746506389523F /* JUCE Library Code */,
				2E7DC1B4B8350385C7CE20A3 /* Resources */,
				69B21E9BB256F4C466D8FE5F /* Frameworks */,
				2D5EFF6CAEBC54B535804788 /* Products */,
			);
			name = Source;
			sourceTree = "<group>";
		};
		59049861696746506389523F /* JUCE Library Code */ = {
			isa = PBXGroup;
			children = (
				BF00A437A9B8DBA23DE2556D /* include_juce_audio_basics.mm */,
				92ACD21F192405F6D23C1468 /* include_juce_audio_devices.mm */,
				430982D0E4E6ADBA7364F0B8 /* include_juce_audio_formats.mm */,
				EF828A50A61E0A7EE54B4D45 /* include_juce_audio_plugin_client_ARA.cpp */,
				D21E03C1F2487581FD2D376D /* include_juce_audio_plugin_client_AU.r */,
				75DFE015F7AB4A40820DBC96 /* include_juce_audio_plugin_client_AU_1.mm */,
				9FA060DDBD62BE5AFEBC78C3 /* include_juce_audio_plugin_client_AU_2.mm */,
				7C18EF334462367488D5B82F /* include_juce_audio_plugin_client_Standalone.cpp */,
				890CDEA46555D7375A02DBB3 /* include_juce_audio_plugin_client_utils.cpp */,
				90E61254DB8E0C91DBF7957E /* include_juce_audio_plugin_client_VST_utils.mm */,
				E0688623B0A2CDFB38A56CD9 /* include_juce_audio_plugin_client_VST3.cpp */,
				3933F31A63A93FEE159C74B2 /* include_juce_audio_processors.mm */,
				3834DB04D7A619E4245B7C92 /* include_juce_audio_processors_ara.cpp */,
				0D720DE7E2AB09C1F3CC59A9 /* include_juce_audio_processors_lv2_libs.cpp */,
				74BCF54AEDA40C3B8EC68DBA /* include_juce_audio_utils.mm */,
				6AAC18472E279716F3961C62 /* include_juce_core.mm */,
				A4B09BA9E95014E1BD917BA1 /* include_juce_data_structures.mm */,
				D2AEAD0D0BF1CBFDE35348BB /* include_juce_dsp.mm */,
				9820E8FD03D451B700FE7B19 /* include_juce_events.mm */,
				2ED1FE84E7E547AE3FA65F26 /* include_juce_graphics.mm */,
				5DE2348611226EFC02DD7F69 /* include_juce_gui_basics.mm */,
				09C5F54951E63497C8D9576B /* include_juce_gui_extra.mm */,
				E8C859DDB6A07FD8A8C210CA /* JuceHeader.h */,
				C7953C17933057BB2F4C86B3 /* JucePluginDefines.h */,
			);
			name = "JUCE Library Code";
			sourceTree = "<group>";
		};
		69B21E9BB256F4C466D8FE5F /* Frameworks */ = {
			isa = PBXGroup;
			children = (
				1689EBBEDE572856CFC4EE9A /* AudioUnit.framework */,
				EA65C06B0F432C53BA09A449 /* Accelerate.framework */,
				01EEF6810461E671DCE2D3AB /* AudioToolbox.framework */,
				E5334E7BE8DE85A8779ECC14 /* Cocoa.framework */,
				412EA1670EB55EEA5A47015A /* CoreAudio.framework */,
				E14F85F1D5628731B6BF8AC9 /* CoreAudioKit.framework */,
				5C74224FCD7CA9BCFF264066 /* CoreMIDI.framework */,
				057A29A64DBEB8F91A41FDFD /* DiscRecording.framework */,
				F57CF113E29B948BE7D79F52 /* Foundation.framework */,
				4DB24C71BB6804C508D5C460 /* IOKit.framework */,
				BCCBB54BC1475B3A27F01732 /* QuartzCore.framework */,
				0CB0AAC9BB3260B0FF10AD00 /* WebKit.framework */,
			);
			name = Frameworks;
			sourceTree = "<group>";
		};
		F128C3167386F2E12BFDA8EF /* Phase Inverter */ = {
			isa = PBXGroup;
			children = (
				09803B98652BEDF8986B68AA /* Source */,
			);
			name = "Phase Inverter";
			sourceTree = "<group>";
		};
/* End PBXGroup section */

/* Begin PBXNativeTarget section */
		4D58E94C29C53F59202F9FC3 /* Phase Inverter - AU */ = {
			isa = PBXNativeTarget;
			buildConfigurationList = 1A1305FE083D180D6293F8EE /* Build configuration list for PBXNativeTarget "Phase Inverter - AU" */;
			buildPhases = (
				1085B1386CB6FAE997F14658 /* Resources */,
				A46CD51179E787328B9741C8 /* Rez */,
				7EDEE75AEC64758226F0C05D /* Sources */,
				523B38297087FA33DD562A79 /* Frameworks */,
			);
			buildRules = (
			);
			dependencies = (
				EC58C99BD7A66D91A0379079 /* PBXTargetDependency */,
			);
			name = "Phase Inverter - AU";
			productName = "Phase Inverter";
			productReference = D6702BA019EFF6902448BF58 /* Phase Inverter.component */;
			productType = "com.apple.product-type.bundle";
		};
		91B30E05F5582F41E7D3351D /* Phase Inverter - VST3 */ = {
			isa = PBXNativeTarget;
			buildConfigurationList = 4A5EE877F4C762CB55F3BB0E /* Build configuration list for PBXNativeTarget "Phase Inverter - VST3" */;
			buildPhases = (
				F5505D68E17ED66C38EA3413 /* Resources */,
				87C873CF317CAD3465333D62 /* Sources */,
				AC0B697107AE63CF3A4AAB41 /* Frameworks */,
			);
			buildRules = (
			);
			dependencies = (
				98191BF1121F74F8EA8F56D5 /* PBXTargetDependency */,
			);
			name = "Phase Inverter - VST3";
			productName = "Phase Inverter";
			productReference = A76930103CD4C12D2E24C636 /* Phase Inverter.vst3 */;
			productType = "com.apple.product-type.bundle";
		};
		AE5E64B5F083AB53FFF738C6 /* Phase Inverter - Standalone Plugin */ = {
			isa = PBXNativeTarget;
			buildConfigurationList = 74B7C498667F94BF0F9685C1 /* Build configuration list for PBXNativeTarget "Phase Inverter - Standalone Plugin" */;
			buildPhases = (
				978F21371A0570EC6129EC99 /* Resources */,
				B5A8EA75AC7BE847E67D35FC /* Sources */,
				5D9632367CA771D4497DA26C /* Frameworks */,
			);
			buildRules = (
			);
			dependencies = (
				D960D1C6F5AD8164AAF2E4B6 /* PBXTargetDependency */,
			);
			name = "Phase Inverter - Standalone Plugin";
			productName = "Phase Inverter";
			productReference = 55C1DC56C2588D3A2BC49EA0 /* Phase Inverter.app */;
			productType = "com.apple.product-type.application";
		};
		B55EE2A1EFF871676F593175 /* Phase Inverter - Shared Code */ = {
			isa = PBXNativeTarget;
			buildConfigurationList = F4F47EB19B61830E37F9D6AC /* Build configuration list for PBXNativeTarget "Phase Inverter - Shared Code" */;
			buildPhases = (
				F8D5CB83D4F904F88C8E8CEC /* Sources */,
			);
			buildRules = (
			);
			dependencies = (
			);
			name = "Phase Inverter - Shared Code";
			productName = "Phase Inverter";
			productReference = 449F472CC41D6748B099972C /* libPhase Inverter.a */;
			productType = "com.apple.product-type.library.static";
		};
/* End PBXNativeTarget section */

/* Begin PBXProject section */
		06F8B82402484593245477AB /* Project object */ = {
			isa = PBXProject;
			attributes = {
				LastUpgradeCheck = 1340;
				ORGANIZATIONNAME = "";
				TargetAttributes = {
					2491B23E25CFC46B4F3FCFDE = {
						SystemCapabilities = {
							com.apple.ApplicationGroups.iOS = {
								enabled = 0;
							};
							com.apple.HardenedRuntime = {
								enabled = 0;
							};
							com.apple.InAppPurchase = {
								enabled = 0;
							};
							com.apple.InterAppAudio = {
								enabled = 0;
							};
							com.apple.Push = {
								enabled = 0;
							};
							com.apple.Sandbox = {
								enabled = 0;
							};
						};
					};
					4D58E94C29C53F59202F9FC3 = {
						SystemCapabilities = {
							com.apple.ApplicationGroups.iOS = {
								enabled = 0;
							};
							com.apple.HardenedRuntime = {
								enabled = 0;
							};
							com.apple.InAppPurchase = {
								enabled = 0;
							};
							com.apple.InterAppAudio = {
								enabled = 0;
							};
							com.apple.Push = {
								enabled = 0;
							};
							com.apple.Sandbox = {
								enabled = 0;
							};
						};
					};
					91B30E05F5582F41E7D3351D = {
						SystemCapabilities = {
							com.apple.ApplicationGroups.iOS = {
								enabled = 0;
							};
							com.apple.HardenedRuntime = {
								enabled = 0;
							};
							com.apple.InAppPurchase = {
								enabled = 0;
							};
							com.apple.InterAppAudio = {
								enabled = 0;
							};
							com.apple.Push = {
								enabled = 0;
							};
							com.apple.Sandbox = {
								enabled = 0;
							};
						};
					};
					AE5E64B5F083AB53FFF738C6 = {
						SystemCapabilities = {
							com.apple.ApplicationGroups.iOS = {
								enabled = 0;
							};
							com.apple.HardenedRuntime = {
								enabled = 0;
							};
							com.apple.InAppPurchase = {
								enabled = 0;
							};
							com.apple.InterAppAudio = {
								enabled = 0;
							};
							com.apple.Push = {
								enabled = 0;
							};
							com.apple.Sandbox = {
								enabled = 0;
							};
						};
					};
					B55EE2A1EFF871676F593175 = {
						SystemCapabilities = {
							com.apple.ApplicationGroups.iOS = {
								enabled = 0;
							};
							com.apple.HardenedRuntime = {
								enabled = 0;
							};
							com.apple.InAppPurchase = {
								enabled = 0;
							};
							com.apple.InterAppAudio = {
								enabled = 0;
							};
							com.apple.Push = {
								enabled = 0;
							};
							com.apple.Sandbox = {
								enabled = 0;
							};
						};
					};
				};
			};
			buildConfigurationList = D980CD60B238DECEF50F2F71 /* Build configuration list for PBXProject "Phase Inverter" */;
			compatibilityVersion = "Xcode 3.2";
			developmentRegion = en;
			hasScannedForEncodings = 0;
			knownRegions = (
				en,
				Base,
			);
			mainGroup = 4C2B831B288BD73DA38EE870 /* Source */;
			projectDirPath = "";
			projectRoot = "";
			targets = (
				2491B23E25CFC46B4F3FCFDE /* Phase Inverter - All */,
				91B30E05F5582F41E7D3351D /* Phase Inverter - VST3 */,
				4D58E94C29C53F59202F9FC3 /* Phase Inverter - AU */,
				AE5E64B5F083AB53FFF738C6 /* Phase Inverter - Standalone Plugin */,
				B55EE2A1EFF871676F593175 /* Phase Inverter - Shared Code */,
			);
		};
/* End PBXProject section */

/* Begin PBXResourcesBuildPhase section */
		1085B1386CB6FAE997F14658 /* Resources */ = {
			isa = PBXResourcesBuildPhase;
			buildActionMask = 2147483647;
			files = (
				6571D4AB2915805D00129462 /* RecentFilesMenuTemplate.nib in Resources */,
			);
			runOnlyForDeploymentPostprocessing = 0;
		};
		978F21371A0570EC6129EC99 /* Resources */ = {
			isa = PBXResourcesBuildPhase;
			buildActionMask = 2147483647;
			files = (
				6571D4B72915805D00129462 /* RecentFilesMenuTemplate.nib in Resources */,
			);
			runOnlyForDeploymentPostprocessing = 0;
		};
		F5505D68E17ED66C38EA3413 /* Resources */ = {
			isa = PBXResourcesBuildPhase;
			buildActionMask = 2147483647;
			files = (
				BBC833C1B423E6781DAEF64C /* RecentFilesMenuTemplate.nib in Resources */,
			);
			runOnlyForDeploymentPostprocessing = 0;
		};
/* End PBXResourcesBuildPhase section */

/* Begin PBXRezBuildPhase section */
		A46CD51179E787328B9741C8 /* Rez */ = {
			isa = PBXRezBuildPhase;
			buildActionMask = 2147483647;
			files = (
				F0DDD5400D46ACD66B5B4208 /* include_juce_audio_plugin_client_AU.r in Rez */,
			);
			runOnlyForDeploymentPostprocessing = 0;
		};
/* End PBXRezBuildPhase section */

/* Begin PBXSourcesBuildPhase section */
		7EDEE75AEC64758226F0C05D /* Sources */ = {
			isa = PBXSourcesBuildPhase;
			buildActionMask = 2147483647;
			files = (
				BA5A00A1D2787299B03AFD15 /* include_juce_audio_plugin_client_AU_1.mm in Sources */,
				152B3E9C1F694642C0D16EA5 /* include_juce_audio_plugin_client_AU_2.mm in Sources */,
			);
			runOnlyForDeploymentPostprocessing = 0;
		};
		87C873CF317CAD3465333D62 /* Sources */ = {
			isa = PBXSourcesBuildPhase;
			buildActionMask = 2147483647;
			files = (
				67B06B1F14F502A0C9E5D666 /* include_juce_audio_plugin_client_VST3.cpp in Sources */,
			);
			runOnlyForDeploymentPostprocessing = 0;
		};
		B5A8EA75AC7BE847E67D35FC /* Sources */ = {
			isa = PBXSourcesBuildPhase;
			buildActionMask = 2147483647;
			files = (
				82D7213253DD8B15E1CF347B /* include_juce_audio_plugin_client_Standalone.cpp in Sources */,
			);
			runOnlyForDeploymentPostprocessing = 0;
		};
		F8D5CB83D4F904F88C8E8CEC /* Sources */ = {
			isa = PBXSourcesBuildPhase;
			buildActionMask = 2147483647;
			files = (
				9A138C2C58FE8791099B5B45 /* PluginProcessor.cpp in Sources */,
				13D442F90BF6E57B9B937324 /* PluginEditor.cpp in Sources */,
				3C193C5E0C5977BFF1BC70E3 /* include_juce_audio_basics.mm in Sources */,
				8F35392DB9E21A3B245526F7 /* include_juce_audio_devices.mm in Sources */,
				F7E20562CE0038B24D4D085F /* include_juce_audio_formats.mm in Sources */,
				060D7A44717BE59C4EFBDE22 /* include_juce_audio_plugin_client_ARA.cpp in Sources */,
				82F0E12277A57CFB4570B441 /* include_juce_audio_plugin_client_utils.cpp in Sources */,
				0FDF9A33302EF957416828B8 /* include_juce_audio_plugin_client_VST_utils.mm in Sources */,
				711AE3233DF59928F71AED6C /* include_juce_audio_processors.mm in Sources */,
				9D8970D4D91C5005AE0689B2 /* include_juce_audio_processors_ara.cpp in Sources */,
				2B66D66E56AE8CDEBFCED47D /* include_juce_audio_processors_lv2_libs.cpp in Sources */,
				90DF4136D4A1DB9A6452C364 /* include_juce_audio_utils.mm in Sources */,
				0E5F49AD5C2DC6C0629350D5 /* include_juce_core.mm in Sources */,
				AE0C2532AFB9DF3639B62F95 /* include_juce_data_structures.mm in Sources */,
				680E08F096FF85F0ABAFEF10 /* include_juce_dsp.mm in Sources */,
				91B123F28F73D29C3DA3F015 /* include_juce_events.mm in Sources */,
				2D2E57AC87444300793F2C82 /* include_juce_graphics.mm in Sources */,
				EB3E8E27AA41B63AF130CE0B /* include_juce_gui_basics.mm in Sources */,
				0C7D019B50A645408570B154 /* include_juce_gui_extra.mm in Sources */,
			);
			runOnlyForDeploymentPostprocessing = 0;
		};
/* End PBXSourcesBuildPhase section */

/* Begin PBXTargetDependency section */
		10C49837B2099E0C80B5F1A1 /* PBXTargetDependency */ = {
			isa = PBXTargetDependency;
			target = AE5E64B5F083AB53FFF738C6 /* Phase Inverter - Standalone Plugin */;
			targetProxy = 6571D4C82915805F00129462 /* PBXContainerItemProxy */;
		};
		5085AFD8E8571DB34CF05EA0 /* PBXTargetDependency */ = {
			isa = PBXTargetDependency;
			target = 91B30E05F5582F41E7D3351D /* Phase Inverter - VST3 */;
			targetProxy = 6571D4C62915805F00129462 /* PBXContainerItemProxy */;
		};
		98191BF1121F74F8EA8F56D5 /* PBXTargetDependency */ = {
			isa = PBXTargetDependency;
			target = B55EE2A1EFF871676F593175 /* Phase Inverter - Shared Code */;
			targetProxy = 6571D4C52915805F00129462 /* PBXContainerItemProxy */;
		};
		A0F4660066BEDC45DA475682 /* PBXTargetDependency */ = {
			isa = PBXTargetDependency;
			target = 4D58E94C29C53F59202F9FC3 /* Phase Inverter - AU */;
			targetProxy = 6571D4C72915805F00129462 /* PBXContainerItemProxy */;
		};
		D960D1C6F5AD8164AAF2E4B6 /* PBXTargetDependency */ = {
			isa = PBXTargetDependency;
			target = B55EE2A1EFF871676F593175 /* Phase Inverter - Shared Code */;
			targetProxy = 6571D4C42915805F00129462 /* PBXContainerItemProxy */;
		};
		EC58C99BD7A66D91A0379079 /* PBXTargetDependency */ = {
			isa = PBXTargetDependency;
			target = B55EE2A1EFF871676F593175 /* Phase Inverter - Shared Code */;
			targetProxy = 6571D4C32915805F00129462 /* PBXContainerItemProxy */;
		};
		FA0ABF8EE448C9BD40077550 /* PBXTargetDependency */ = {
			isa = PBXTargetDependency;
			target = B55EE2A1EFF871676F593175 /* Phase Inverter - Shared Code */;
			targetProxy = 6571D4C92915805F00129462 /* PBXContainerItemProxy */;
		};
/* End PBXTargetDependency section */

/* Begin XCBuildConfiguration section */
		0C950D207F35FFE88185F23E /* Debug */ = {
			isa = XCBuildConfiguration;
			buildSettings = {
				CLANG_CXX_LANGUAGE_STANDARD = "c++14";
				CLANG_CXX_LIBRARY = "libc++";
				CLANG_LINK_OBJC_RUNTIME = NO;
				CODE_SIGN_IDENTITY = "";
				COMBINE_HIDPI_IMAGES = YES;
				CONFIGURATION_BUILD_DIR = "$(PROJECT_DIR)/build/$(CONFIGURATION)";
				COPY_PHASE_STRIP = NO;
				EXCLUDED_ARCHS = "";
				GCC_DYNAMIC_NO_PIC = NO;
				GCC_OPTIMIZATION_LEVEL = 0;
				GCC_PREPROCESSOR_DEFINITIONS = (
					"_DEBUG=1",
					"DEBUG=1",
					"JUCE_DISPLAY_SPLASH_SCREEN=1",
					"JUCE_USE_DARK_SPLASH_SCREEN=1",
					"JUCE_PROJUCER_VERSION=0x70002",
					"JUCE_MODULE_AVAILABLE_juce_audio_basics=1",
					"JUCE_MODULE_AVAILABLE_juce_audio_devices=1",
					"JUCE_MODULE_AVAILABLE_juce_audio_formats=1",
					"JUCE_MODULE_AVAILABLE_juce_audio_plugin_client=1",
					"JUCE_MODULE_AVAILABLE_juce_audio_processors=1",
					"JUCE_MODULE_AVAILABLE_juce_audio_utils=1",
					"JUCE_MODULE_AVAILABLE_juce_core=1",
					"JUCE_MODULE_AVAILABLE_juce_data_structures=1",
					"JUCE_MODULE_AVAILABLE_juce_dsp=1",
					"JUCE_MODULE_AVAILABLE_juce_events=1",
					"JUCE_MODULE_AVAILABLE_juce_graphics=1",
					"JUCE_MODULE_AVAILABLE_juce_gui_basics=1",
					"JUCE_MODULE_AVAILABLE_juce_gui_extra=1",
					"JUCE_GLOBAL_MODULE_SETTINGS_INCLUDED=1",
					"JUCE_VST3_CAN_REPLACE_VST2=0",
					"JUCE_STRICT_REFCOUNTEDPOINTER=1",
					"JucePlugin_Build_VST=0",
					"JucePlugin_Build_VST3=1",
					"JucePlugin_Build_AU=1",
					"JucePlugin_Build_AUv3=0",
					"JucePlugin_Build_AAX=0",
					"JucePlugin_Build_Standalone=1",
					"JucePlugin_Build_Unity=0",
					"JucePlugin_Build_LV2=0",
					"JucePlugin_Enable_IAA=0",
					"JucePlugin_Enable_ARA=0",
					"JucePlugin_Name=\\\"Phase\\ Inverter\\\"",
					"JucePlugin_Desc=\\\"Phase\\ Inverter\\\"",
					"JucePlugin_Manufacturer=\\\"yourcompany\\\"",
					"JucePlugin_ManufacturerWebsite=\\\"www.yourcompany.com\\\"",
					"JucePlugin_ManufacturerEmail=\\\"\\\"",
					"JucePlugin_ManufacturerCode=0x4d616e75",
					"JucePlugin_PluginCode=0x53336f32",
					"JucePlugin_IsSynth=0",
					"JucePlugin_WantsMidiInput=0",
					"JucePlugin_ProducesMidiOutput=0",
					"JucePlugin_IsMidiEffect=0",
					"JucePlugin_EditorRequiresKeyboardFocus=0",
					"JucePlugin_Version=1.0.0",
					"JucePlugin_VersionCode=0x10000",
					"JucePlugin_VersionString=\\\"1.0.0\\\"",
					"JucePlugin_VSTUniqueID=JucePlugin_PluginCode",
					"JucePlugin_VSTCategory=kPlugCategEffect",
					"JucePlugin_Vst3Category=\\\"Fx\\\"",
					"JucePlugin_AUMainType=\\'aufx\\'",
					"JucePlugin_AUSubType=JucePlugin_PluginCode",
					"JucePlugin_AUExportPrefix=PhaseInverterAU",
					"JucePlugin_AUExportPrefixQuoted=\\\"PhaseInverterAU\\\"",
					"JucePlugin_AUManufacturerCode=JucePlugin_ManufacturerCode",
					"JucePlugin_CFBundleIdentifier=com.yourcompany.PhaseInverter",
					"JucePlugin_AAXIdentifier=com.yourcompany.PhaseInverter",
					"JucePlugin_AAXManufacturerCode=JucePlugin_ManufacturerCode",
					"JucePlugin_AAXProductId=JucePlugin_PluginCode",
					"JucePlugin_AAXCategory=0",
					"JucePlugin_AAXDisableBypass=0",
					"JucePlugin_AAXDisableMultiMono=0",
					"JucePlugin_IAAType=0x61757278",
					"JucePlugin_IAASubType=JucePlugin_PluginCode",
					"JucePlugin_IAAName=\\\"yourcompany:\\ Phase\\ Inverter\\\"",
					"JucePlugin_VSTNumMidiInputs=16",
					"JucePlugin_VSTNumMidiOutputs=16",
					"JucePlugin_ARAContentTypes=0",
					"JucePlugin_ARATransformationFlags=0",
					"JucePlugin_ARAFactoryID=\\\"com.yourcompany.PhaseInverter.factory\\\"",
					"JucePlugin_ARADocumentArchiveID=\\\"com.yourcompany.PhaseInverter.aradocumentarchive.1.0.0\\\"",
					"JucePlugin_ARACompatibleArchiveIDs=\\\"\\\"",
					"JUCE_STANDALONE_APPLICATION=JucePlugin_Build_Standalone",
					"JUCER_XCODE_MAC_F6D2F4CF=1",
					"JUCE_APP_VERSION=1.0.0",
					"JUCE_APP_VERSION_HEX=0x10000",
					"JUCE_SHARED_CODE=1",
				);
				GCC_VERSION = com.apple.compilers.llvm.clang.1_0;
				HEADER_SEARCH_PATHS = (
					"$(HOME)/JUCE/modules/juce_audio_processors/format_types/VST3_SDK",
					"$(SRCROOT)/../../JuceLibraryCode",
					"$(HOME)/JUCE/modules",
					"$(HOME)/JUCE/modules/juce_audio_plugin_client",
					"$(inherited)",
				);
				INSTALL_PATH = "@executable_path/../Frameworks";
				MACOSX_DEPLOYMENT_TARGET = "$(RECOMMENDED_MACOSX_DEPLOYMENT_TARGET)";
				MTL_HEADER_SEARCH_PATHS = "$(HOME)/JUCE/modules/juce_audio_processors/format_types/VST3_SDK $(SRCROOT)/../../JuceLibraryCode $(HOME)/JUCE/modules $(HOME)/JUCE/modules/juce_audio_plugin_client";
				OTHER_LDFLAGS = (
					"-weak_framework",
					Metal,
					"-weak_framework",
					MetalKit,
				);
				PRODUCT_BUNDLE_IDENTIFIER = com.yourcompany.PhaseInverter;
				PRODUCT_NAME = "Phase Inverter";
				SKIP_INSTALL = YES;
				USE_HEADERMAP = NO;
				VALID_ARCHS = "i386 x86_64 arm64 arm64e";
			};
			name = Debug;
		};
		163B72250D0FAE3B2D0EBDE8 /* Release */ = {
			isa = XCBuildConfiguration;
			buildSettings = {
				ALWAYS_SEARCH_USER_PATHS = NO;
				CLANG_ENABLE_OBJC_WEAK = YES;
				CLANG_WARN_BLOCK_CAPTURE_AUTORELEASING = YES;
				CLANG_WARN_BOOL_CONVERSION = YES;
				CLANG_WARN_COMMA = YES;
				CLANG_WARN_CONSTANT_CONVERSION = YES;
				CLANG_WARN_DEPRECATED_OBJC_IMPLEMENTATIONS = YES;
				CLANG_WARN_EMPTY_BODY = YES;
				CLANG_WARN_ENUM_CONVERSION = YES;
				CLANG_WARN_INFINITE_RECURSION = YES;
				CLANG_WARN_INT_CONVERSION = YES;
				CLANG_WARN_NON_LITERAL_NULL_CONVERSION = YES;
				CLANG_WARN_OBJC_IMPLICIT_RETAIN_SELF = YES;
				CLANG_WARN_OBJC_LITERAL_CONVERSION = YES;
				CLANG_WARN_RANGE_LOOP_ANALYSIS = YES;
				CLANG_WARN_STRICT_PROTOTYPES = YES;
				CLANG_WARN_SUSPICIOUS_MOVE = YES;
				CLANG_WARN_UNREACHABLE_CODE = YES;
				CLANG_WARN__DUPLICATE_METHOD_MATCH = YES;
				CODE_SIGN_IDENTITY = "";
				DEBUG_INFORMATION_FORMAT = dwarf;
				ENABLE_STRICT_OBJC_MSGSEND = YES;
				ENABLE_TESTABILITY = NO;
				GCC_C_LANGUAGE_STANDARD = c11;
				GCC_INLINES_ARE_PRIVATE_EXTERN = YES;
				GCC_MODEL_TUNING = G5;
				GCC_NO_COMMON_BLOCKS = YES;
				GCC_SYMBOLS_PRIVATE_EXTERN = YES;
				GCC_WARN_64_TO_32_BIT_CONVERSION = YES;
				GCC_WARN_ABOUT_RETURN_TYPE = YES;
				GCC_WARN_CHECK_SWITCH_STATEMENTS = YES;
				GCC_WARN_MISSING_PARENTHESES = YES;
				GCC_WARN_NON_VIRTUAL_DESTRUCTOR = YES;
				GCC_WARN_TYPECHECK_CALLS_TO_PRINTF = YES;
				GCC_WARN_UNDECLARED_SELECTOR = YES;
				GCC_WARN_UNINITIALIZED_AUTOS = YES;
				GCC_WARN_UNUSED_FUNCTION = YES;
				GCC_WARN_UNUSED_VARIABLE = YES;
				PRODUCT_NAME = "Phase Inverter";
				SDKROOT = macosx;
				WARNING_CFLAGS = "-Wreorder";
				ZERO_LINK = NO;
			};
			name = Release;
		};
		1645F531F9D4ACF5E38E039A /* Debug */ = {
			isa = XCBuildConfiguration;
			buildSettings = {
				CLANG_CXX_LANGUAGE_STANDARD = "c++14";
				CLANG_CXX_LIBRARY = "libc++";
				CLANG_LINK_OBJC_RUNTIME = NO;
				CODE_SIGN_IDENTITY = "";
				COMBINE_HIDPI_IMAGES = YES;
				CONFIGURATION_BUILD_DIR = "$(PROJECT_DIR)/build/$(CONFIGURATION)";
				COPY_PHASE_STRIP = NO;
				DEPLOYMENT_LOCATION = YES;
				DSTROOT = /;
				EXCLUDED_ARCHS = "";
				GCC_DYNAMIC_NO_PIC = NO;
				GCC_OPTIMIZATION_LEVEL = 0;
				GCC_PREPROCESSOR_DEFINITIONS = (
					"_DEBUG=1",
					"DEBUG=1",
					"JUCE_DISPLAY_SPLASH_SCREEN=1",
					"JUCE_USE_DARK_SPLASH_SCREEN=1",
					"JUCE_PROJUCER_VERSION=0x70002",
					"JUCE_MODULE_AVAILABLE_juce_audio_basics=1",
					"JUCE_MODULE_AVAILABLE_juce_audio_devices=1",
					"JUCE_MODULE_AVAILABLE_juce_audio_formats=1",
					"JUCE_MODULE_AVAILABLE_juce_audio_plugin_client=1",
					"JUCE_MODULE_AVAILABLE_juce_audio_processors=1",
					"JUCE_MODULE_AVAILABLE_juce_audio_utils=1",
					"JUCE_MODULE_AVAILABLE_juce_core=1",
					"JUCE_MODULE_AVAILABLE_juce_data_structures=1",
					"JUCE_MODULE_AVAILABLE_juce_dsp=1",
					"JUCE_MODULE_AVAILABLE_juce_events=1",
					"JUCE_MODULE_AVAILABLE_juce_graphics=1",
					"JUCE_MODULE_AVAILABLE_juce_gui_basics=1",
					"JUCE_MODULE_AVAILABLE_juce_gui_extra=1",
					"JUCE_GLOBAL_MODULE_SETTINGS_INCLUDED=1",
					"JUCE_VST3_CAN_REPLACE_VST2=0",
					"JUCE_STRICT_REFCOUNTEDPOINTER=1",
					"JucePlugin_Build_VST=0",
					"JucePlugin_Build_VST3=0",
					"JucePlugin_Build_AU=1",
					"JucePlugin_Build_AUv3=0",
					"JucePlugin_Build_AAX=0",
					"JucePlugin_Build_Standalone=0",
					"JucePlugin_Build_Unity=0",
					"JucePlugin_Build_LV2=0",
					"JucePlugin_Enable_IAA=0",
					"JucePlugin_Enable_ARA=0",
					"JucePlugin_Name=\\\"Phase\\ Inverter\\\"",
					"JucePlugin_Desc=\\\"Phase\\ Inverter\\\"",
					"JucePlugin_Manufacturer=\\\"yourcompany\\\"",
					"JucePlugin_ManufacturerWebsite=\\\"www.yourcompany.com\\\"",
					"JucePlugin_ManufacturerEmail=\\\"\\\"",
					"JucePlugin_ManufacturerCode=0x4d616e75",
					"JucePlugin_PluginCode=0x53336f32",
					"JucePlugin_IsSynth=0",
					"JucePlugin_WantsMidiInput=0",
					"JucePlugin_ProducesMidiOutput=0",
					"JucePlugin_IsMidiEffect=0",
					"JucePlugin_EditorRequiresKeyboardFocus=0",
					"JucePlugin_Version=1.0.0",
					"JucePlugin_VersionCode=0x10000",
					"JucePlugin_VersionString=\\\"1.0.0\\\"",
					"JucePlugin_VSTUniqueID=JucePlugin_PluginCode",
					"JucePlugin_VSTCategory=kPlugCategEffect",
					"JucePlugin_Vst3Category=\\\"Fx\\\"",
					"JucePlugin_AUMainType=\\'aufx\\'",
					"JucePlugin_AUSubType=JucePlugin_PluginCode",
					"JucePlugin_AUExportPrefix=PhaseInverterAU",
					"JucePlugin_AUExportPrefixQuoted=\\\"PhaseInverterAU\\\"",
					"JucePlugin_AUManufacturerCode=JucePlugin_ManufacturerCode",
					"JucePlugin_CFBundleIdentifier=com.yourcompany.PhaseInverter",
					"JucePlugin_AAXIdentifier=com.yourcompany.PhaseInverter",
					"JucePlugin_AAXManufacturerCode=JucePlugin_ManufacturerCode",
					"JucePlugin_AAXProductId=JucePlugin_PluginCode",
					"JucePlugin_AAXCategory=0",
					"JucePlugin_AAXDisableBypass=0",
					"JucePlugin_AAXDisableMultiMono=0",
					"JucePlugin_IAAType=0x61757278",
					"JucePlugin_IAASubType=JucePlugin_PluginCode",
					"JucePlugin_IAAName=\\\"yourcompany:\\ Phase\\ Inverter\\\"",
					"JucePlugin_VSTNumMidiInputs=16",
					"JucePlugin_VSTNumMidiOutputs=16",
					"JucePlugin_ARAContentTypes=0",
					"JucePlugin_ARATransformationFlags=0",
					"JucePlugin_ARAFactoryID=\\\"com.yourcompany.PhaseInverter.factory\\\"",
					"JucePlugin_ARADocumentArchiveID=\\\"com.yourcompany.PhaseInverter.aradocumentarchive.1.0.0\\\"",
					"JucePlugin_ARACompatibleArchiveIDs=\\\"\\\"",
					"JUCE_STANDALONE_APPLICATION=JucePlugin_Build_Standalone",
					"JUCER_XCODE_MAC_F6D2F4CF=1",
					"JUCE_APP_VERSION=1.0.0",
					"JUCE_APP_VERSION_HEX=0x10000",
				);
				GCC_VERSION = com.apple.compilers.llvm.clang.1_0;
				GENERATE_PKGINFO_FILE = YES;
				HEADER_SEARCH_PATHS = (
					"$(HOME)/JUCE/modules/juce_audio_processors/format_types/VST3_SDK",
					"$(SRCROOT)/../../JuceLibraryCode",
					"$(HOME)/JUCE/modules",
					"$(HOME)/JUCE/modules/juce_audio_plugin_client",
					"$(inherited)",
				);
				INFOPLIST_FILE = "Info-AU.plist";
				INFOPLIST_PREPROCESS = NO;
				INSTALL_PATH = "$(HOME)/Library/Audio/Plug-Ins/Components/";
				LIBRARY_STYLE = Bundle;
				MACOSX_DEPLOYMENT_TARGET = "$(RECOMMENDED_MACOSX_DEPLOYMENT_TARGET)";
				MTL_HEADER_SEARCH_PATHS = "$(HOME)/JUCE/modules/juce_audio_processors/format_types/VST3_SDK $(SRCROOT)/../../JuceLibraryCode $(HOME)/JUCE/modules $(HOME)/JUCE/modules/juce_audio_plugin_client";
				OTHER_LDFLAGS = (
					"-bundle",
					"-lPhase\\ Inverter",
					"-weak_framework",
					Metal,
					"-weak_framework",
					MetalKit,
				);
				OTHER_REZFLAGS = "-d ppc_$ppc -d i386_$i386 -d ppc64_$ppc64 -d x86_64_$x86_64 -d arm64_$arm64 -I /System/Library/Frameworks/CoreServices.framework/Frameworks/CarbonCore.framework/Versions/A/Headers -I \"$(DEVELOPER_DIR)/Extras/CoreAudio/AudioUnits/AUPublic/AUBase\" -I \"$(DEVELOPER_DIR)/Platforms/MacOSX.platform/Developer/SDKs/MacOSX.sdk/System/Library/Frameworks/AudioUnit.framework/Headers\"";
				PRODUCT_BUNDLE_IDENTIFIER = com.yourcompany.PhaseInverter;
				PRODUCT_NAME = "Phase Inverter";
				USE_HEADERMAP = NO;
				VALID_ARCHS = "i386 x86_64 arm64 arm64e";
				WRAPPER_EXTENSION = component;
			};
			name = Debug;
		};
		2E4FF9F1E23A027E58B6BA6E /* Debug */ = {
			isa = XCBuildConfiguration;
			buildSettings = {
				CLANG_CXX_LANGUAGE_STANDARD = "c++14";
				CLANG_CXX_LIBRARY = "libc++";
				CLANG_LINK_OBJC_RUNTIME = NO;
				CODE_SIGN_IDENTITY = "";
				COMBINE_HIDPI_IMAGES = YES;
				CONFIGURATION_BUILD_DIR = "$(PROJECT_DIR)/build/$(CONFIGURATION)";
				COPY_PHASE_STRIP = NO;
				DEPLOYMENT_LOCATION = YES;
				DSTROOT = /;
				EXCLUDED_ARCHS = "";
				GCC_DYNAMIC_NO_PIC = NO;
				GCC_OPTIMIZATION_LEVEL = 0;
				GCC_PREPROCESSOR_DEFINITIONS = (
					"_DEBUG=1",
					"DEBUG=1",
					"JUCE_DISPLAY_SPLASH_SCREEN=1",
					"JUCE_USE_DARK_SPLASH_SCREEN=1",
					"JUCE_PROJUCER_VERSION=0x70002",
					"JUCE_MODULE_AVAILABLE_juce_audio_basics=1",
					"JUCE_MODULE_AVAILABLE_juce_audio_devices=1",
					"JUCE_MODULE_AVAILABLE_juce_audio_formats=1",
					"JUCE_MODULE_AVAILABLE_juce_audio_plugin_client=1",
					"JUCE_MODULE_AVAILABLE_juce_audio_processors=1",
					"JUCE_MODULE_AVAILABLE_juce_audio_utils=1",
					"JUCE_MODULE_AVAILABLE_juce_core=1",
					"JUCE_MODULE_AVAILABLE_juce_data_structures=1",
					"JUCE_MODULE_AVAILABLE_juce_dsp=1",
					"JUCE_MODULE_AVAILABLE_juce_events=1",
					"JUCE_MODULE_AVAILABLE_juce_graphics=1",
					"JUCE_MODULE_AVAILABLE_juce_gui_basics=1",
					"JUCE_MODULE_AVAILABLE_juce_gui_extra=1",
					"JUCE_GLOBAL_MODULE_SETTINGS_INCLUDED=1",
					"JUCE_VST3_CAN_REPLACE_VST2=0",
					"JUCE_STRICT_REFCOUNTEDPOINTER=1",
					"JucePlugin_Build_VST=0",
					"JucePlugin_Build_VST3=1",
					"JucePlugin_Build_AU=0",
					"JucePlugin_Build_AUv3=0",
					"JucePlugin_Build_AAX=0",
					"JucePlugin_Build_Standalone=0",
					"JucePlugin_Build_Unity=0",
					"JucePlugin_Build_LV2=0",
					"JucePlugin_Enable_IAA=0",
					"JucePlugin_Enable_ARA=0",
					"JucePlugin_Name=\\\"Phase\\ Inverter\\\"",
					"JucePlugin_Desc=\\\"Phase\\ Inverter\\\"",
					"JucePlugin_Manufacturer=\\\"yourcompany\\\"",
					"JucePlugin_ManufacturerWebsite=\\\"www.yourcompany.com\\\"",
					"JucePlugin_ManufacturerEmail=\\\"\\\"",
					"JucePlugin_ManufacturerCode=0x4d616e75",
					"JucePlugin_PluginCode=0x53336f32",
					"JucePlugin_IsSynth=0",
					"JucePlugin_WantsMidiInput=0",
					"JucePlugin_ProducesMidiOutput=0",
					"JucePlugin_IsMidiEffect=0",
					"JucePlugin_EditorRequiresKeyboardFocus=0",
					"JucePlugin_Version=1.0.0",
					"JucePlugin_VersionCode=0x10000",
					"JucePlugin_VersionString=\\\"1.0.0\\\"",
					"JucePlugin_VSTUniqueID=JucePlugin_PluginCode",
					"JucePlugin_VSTCategory=kPlugCategEffect",
					"JucePlugin_Vst3Category=\\\"Fx\\\"",
					"JucePlugin_AUMainType=\\'aufx\\'",
					"JucePlugin_AUSubType=JucePlugin_PluginCode",
					"JucePlugin_AUExportPrefix=PhaseInverterAU",
					"JucePlugin_AUExportPrefixQuoted=\\\"PhaseInverterAU\\\"",
					"JucePlugin_AUManufacturerCode=JucePlugin_ManufacturerCode",
					"JucePlugin_CFBundleIdentifier=com.yourcompany.PhaseInverter",
					"JucePlugin_AAXIdentifier=com.yourcompany.PhaseInverter",
					"JucePlugin_AAXManufacturerCode=JucePlugin_ManufacturerCode",
					"JucePlugin_AAXProductId=JucePlugin_PluginCode",
					"JucePlugin_AAXCategory=0",
					"JucePlugin_AAXDisableBypass=0",
					"JucePlugin_AAXDisableMultiMono=0",
					"JucePlugin_IAAType=0x61757278",
					"JucePlugin_IAASubType=JucePlugin_PluginCode",
					"JucePlugin_IAAName=\\\"yourcompany:\\ Phase\\ Inverter\\\"",
					"JucePlugin_VSTNumMidiInputs=16",
					"JucePlugin_VSTNumMidiOutputs=16",
					"JucePlugin_ARAContentTypes=0",
					"JucePlugin_ARATransformationFlags=0",
					"JucePlugin_ARAFactoryID=\\\"com.yourcompany.PhaseInverter.factory\\\"",
					"JucePlugin_ARADocumentArchiveID=\\\"com.yourcompany.PhaseInverter.aradocumentarchive.1.0.0\\\"",
					"JucePlugin_ARACompatibleArchiveIDs=\\\"\\\"",
					"JUCE_STANDALONE_APPLICATION=JucePlugin_Build_Standalone",
					"JUCER_XCODE_MAC_F6D2F4CF=1",
					"JUCE_APP_VERSION=1.0.0",
					"JUCE_APP_VERSION_HEX=0x10000",
				);
				GCC_VERSION = com.apple.compilers.llvm.clang.1_0;
				GENERATE_PKGINFO_FILE = YES;
				HEADER_SEARCH_PATHS = (
					"$(HOME)/JUCE/modules/juce_audio_processors/format_types/VST3_SDK",
					"$(SRCROOT)/../../JuceLibraryCode",
					"$(HOME)/JUCE/modules",
					"$(HOME)/JUCE/modules/juce_audio_plugin_client",
					"$(inherited)",
				);
				INFOPLIST_FILE = "Info-VST3.plist";
				INFOPLIST_PREPROCESS = NO;
				INSTALL_PATH = "$(HOME)/Library/Audio/Plug-Ins/VST3/";
				LIBRARY_STYLE = Bundle;
				MACOSX_DEPLOYMENT_TARGET = 10.11;
				MTL_HEADER_SEARCH_PATHS = "$(HOME)/JUCE/modules/juce_audio_processors/format_types/VST3_SDK $(SRCROOT)/../../JuceLibraryCode $(HOME)/JUCE/modules $(HOME)/JUCE/modules/juce_audio_plugin_client";
				OTHER_LDFLAGS = (
					"-bundle",
					"-lPhase\\ Inverter",
					"-weak_framework",
					Metal,
					"-weak_framework",
					MetalKit,
				);
				PRODUCT_BUNDLE_IDENTIFIER = com.yourcompany.PhaseInverter;
				PRODUCT_NAME = "Phase Inverter";
				USE_HEADERMAP = NO;
				VALID_ARCHS = "i386 x86_64 arm64 arm64e";
				WRAPPER_EXTENSION = vst3;
			};
			name = Debug;
		};
		33BDC8D7D81B6B60D2CDE402 /* Release */ = {
			isa = XCBuildConfiguration;
			buildSettings = {
				CLANG_CXX_LANGUAGE_STANDARD = "c++14";
				CLANG_CXX_LIBRARY = "libc++";
				CLANG_LINK_OBJC_RUNTIME = NO;
				CODE_SIGN_IDENTITY = "";
				COMBINE_HIDPI_IMAGES = YES;
				CONFIGURATION_BUILD_DIR = "$(PROJECT_DIR)/build/$(CONFIGURATION)";
				DEAD_CODE_STRIPPING = YES;
				DEPLOYMENT_LOCATION = YES;
				DSTROOT = /;
				EXCLUDED_ARCHS = "";
				GCC_GENERATE_DEBUGGING_SYMBOLS = NO;
				GCC_OPTIMIZATION_LEVEL = 3;
				GCC_PREPROCESSOR_DEFINITIONS = (
					"_NDEBUG=1",
					"NDEBUG=1",
					"JUCE_DISPLAY_SPLASH_SCREEN=1",
					"JUCE_USE_DARK_SPLASH_SCREEN=1",
					"JUCE_PROJUCER_VERSION=0x70002",
					"JUCE_MODULE_AVAILABLE_juce_audio_basics=1",
					"JUCE_MODULE_AVAILABLE_juce_audio_devices=1",
					"JUCE_MODULE_AVAILABLE_juce_audio_formats=1",
					"JUCE_MODULE_AVAILABLE_juce_audio_plugin_client=1",
					"JUCE_MODULE_AVAILABLE_juce_audio_processors=1",
					"JUCE_MODULE_AVAILABLE_juce_audio_utils=1",
					"JUCE_MODULE_AVAILABLE_juce_core=1",
					"JUCE_MODULE_AVAILABLE_juce_data_structures=1",
					"JUCE_MODULE_AVAILABLE_juce_dsp=1",
					"JUCE_MODULE_AVAILABLE_juce_events=1",
					"JUCE_MODULE_AVAILABLE_juce_graphics=1",
					"JUCE_MODULE_AVAILABLE_juce_gui_basics=1",
					"JUCE_MODULE_AVAILABLE_juce_gui_extra=1",
					"JUCE_GLOBAL_MODULE_SETTINGS_INCLUDED=1",
					"JUCE_VST3_CAN_REPLACE_VST2=0",
					"JUCE_STRICT_REFCOUNTEDPOINTER=1",
					"JucePlugin_Build_VST=0",
					"JucePlugin_Build_VST3=0",
					"JucePlugin_Build_AU=1",
					"JucePlugin_Build_AUv3=0",
					"JucePlugin_Build_AAX=0",
					"JucePlugin_Build_Standalone=0",
					"JucePlugin_Build_Unity=0",
					"JucePlugin_Build_LV2=0",
					"JucePlugin_Enable_IAA=0",
					"JucePlugin_Enable_ARA=0",
					"JucePlugin_Name=\\\"Phase\\ Inverter\\\"",
					"JucePlugin_Desc=\\\"Phase\\ Inverter\\\"",
					"JucePlugin_Manufacturer=\\\"yourcompany\\\"",
					"JucePlugin_ManufacturerWebsite=\\\"www.yourcompany.com\\\"",
					"JucePlugin_ManufacturerEmail=\\\"\\\"",
					"JucePlugin_ManufacturerCode=0x4d616e75",
					"JucePlugin_PluginCode=0x53336f32",
					"JucePlugin_IsSynth=0",
					"JucePlugin_WantsMidiInput=0",
					"JucePlugin_ProducesMidiOutput=0",
					"JucePlugin_IsMidiEffect=0",
					"JucePlugin_EditorRequiresKeyboardFocus=0",
					"JucePlugin_Version=1.0.0",
					"JucePlugin_VersionCode=0x10000",
					"JucePlugin_VersionString=\\\"1.0.0\\\"",
					"JucePlugin_VSTUniqueID=JucePlugin_PluginCode",
					"JucePlugin_VSTCategory=kPlugCategEffect",
					"JucePlugin_Vst3Category=\\\"Fx\\\"",
					"JucePlugin_AUMainType=\\'aufx\\'",
					"JucePlugin_AUSubType=JucePlugin_PluginCode",
					"JucePlugin_AUExportPrefix=PhaseInverterAU",
					"JucePlugin_AUExportPrefixQuoted=\\\"PhaseInverterAU\\\"",
					"JucePlugin_AUManufacturerCode=JucePlugin_ManufacturerCode",
					"JucePlugin_CFBundleIdentifier=com.yourcompany.PhaseInverter",
					"JucePlugin_AAXIdentifier=com.yourcompany.PhaseInverter",
					"JucePlugin_AAXManufacturerCode=JucePlugin_ManufacturerCode",
					"JucePlugin_AAXProductId=JucePlugin_PluginCode",
					"JucePlugin_AAXCategory=0",
					"JucePlugin_AAXDisableBypass=0",
					"JucePlugin_AAXDisableMultiMono=0",
					"JucePlugin_IAAType=0x61757278",
					"JucePlugin_IAASubType=JucePlugin_PluginCode",
					"JucePlugin_IAAName=\\\"yourcompany:\\ Phase\\ Inverter\\\"",
					"JucePlugin_VSTNumMidiInputs=16",
					"JucePlugin_VSTNumMidiOutputs=16",
					"JucePlugin_ARAContentTypes=0",
					"JucePlugin_ARATransformationFlags=0",
					"JucePlugin_ARAFactoryID=\\\"com.yourcompany.PhaseInverter.factory\\\"",
					"JucePlugin_ARADocumentArchiveID=\\\"com.yourcompany.PhaseInverter.aradocumentarchive.1.0.0\\\"",
					"JucePlugin_ARACompatibleArchiveIDs=\\\"\\\"",
					"JUCE_STANDALONE_APPLICATION=JucePlugin_Build_Standalone",
					"JUCER_XCODE_MAC_F6D2F4CF=1",
					"JUCE_APP_VERSION=1.0.0",
					"JUCE_APP_VERSION_HEX=0x10000",
				);
				GCC_VERSION = com.apple.compilers.llvm.clang.1_0;
				GENERATE_PKGINFO_FILE = YES;
				HEADER_SEARCH_PATHS = (
					"$(HOME)/JUCE/modules/juce_audio_processors/format_types/VST3_SDK",
					"$(SRCROOT)/../../JuceLibraryCode",
					"$(HOME)/JUCE/modules",
					"$(HOME)/JUCE/modules/juce_audio_plugin_client",
					"$(inherited)",
				);
				INFOPLIST_FILE = "Info-AU.plist";
				INFOPLIST_PREPROCESS = NO;
				INSTALL_PATH = "$(HOME)/Library/Audio/Plug-Ins/Components/";
				LIBRARY_STYLE = Bundle;
				LLVM_LTO = YES;
				MACOSX_DEPLOYMENT_TARGET = "$(RECOMMENDED_MACOSX_DEPLOYMENT_TARGET)";
				MTL_HEADER_SEARCH_PATHS = "$(HOME)/JUCE/modules/juce_audio_processors/format_types/VST3_SDK $(SRCROOT)/../../JuceLibraryCode $(HOME)/JUCE/modules $(HOME)/JUCE/modules/juce_audio_plugin_client";
				OTHER_LDFLAGS = (
					"-bundle",
					"-lPhase\\ Inverter",
					"-weak_framework",
					Metal,
					"-weak_framework",
					MetalKit,
				);
				OTHER_REZFLAGS = "-d ppc_$ppc -d i386_$i386 -d ppc64_$ppc64 -d x86_64_$x86_64 -d arm64_$arm64 -I /System/Library/Frameworks/CoreServices.framework/Frameworks/CarbonCore.framework/Versions/A/Headers -I \"$(DEVELOPER_DIR)/Extras/CoreAudio/AudioUnits/AUPublic/AUBase\" -I \"$(DEVELOPER_DIR)/Platforms/MacOSX.platform/Developer/SDKs/MacOSX.sdk/System/Library/Frameworks/AudioUnit.framework/Headers\"";
				PRODUCT_BUNDLE_IDENTIFIER = com.yourcompany.PhaseInverter;
				PRODUCT_NAME = "Phase Inverter";
				USE_HEADERMAP = NO;
				VALID_ARCHS = "i386 x86_64 arm64 arm64e";
				WRAPPER_EXTENSION = component;
			};
			name = Release;
		};
		4DD3C88E875C409893E17698 /* Release */ = {
			isa = XCBuildConfiguration;
			buildSettings = {
				MACOSX_DEPLOYMENT_TARGET = 10.11;
				SDKROOT = macosx;
			};
			name = Release;
		};
		5C5DB8E766BCDD9E1FF53E5B /* Release */ = {
			isa = XCBuildConfiguration;
			buildSettings = {
				CLANG_CXX_LANGUAGE_STANDARD = "c++14";
				CLANG_CXX_LIBRARY = "libc++";
				CLANG_LINK_OBJC_RUNTIME = NO;
				CODE_SIGN_IDENTITY = "";
				COMBINE_HIDPI_IMAGES = YES;
				CONFIGURATION_BUILD_DIR = "$(PROJECT_DIR)/build/$(CONFIGURATION)";
				DEAD_CODE_STRIPPING = YES;
				EXCLUDED_ARCHS = "";
				GCC_GENERATE_DEBUGGING_SYMBOLS = NO;
				GCC_OPTIMIZATION_LEVEL = 3;
				GCC_PREPROCESSOR_DEFINITIONS = (
					"_NDEBUG=1",
					"NDEBUG=1",
					"JUCE_DISPLAY_SPLASH_SCREEN=1",
					"JUCE_USE_DARK_SPLASH_SCREEN=1",
					"JUCE_PROJUCER_VERSION=0x70002",
					"JUCE_MODULE_AVAILABLE_juce_audio_basics=1",
					"JUCE_MODULE_AVAILABLE_juce_audio_devices=1",
					"JUCE_MODULE_AVAILABLE_juce_audio_formats=1",
					"JUCE_MODULE_AVAILABLE_juce_audio_plugin_client=1",
					"JUCE_MODULE_AVAILABLE_juce_audio_processors=1",
					"JUCE_MODULE_AVAILABLE_juce_audio_utils=1",
					"JUCE_MODULE_AVAILABLE_juce_core=1",
					"JUCE_MODULE_AVAILABLE_juce_data_structures=1",
					"JUCE_MODULE_AVAILABLE_juce_dsp=1",
					"JUCE_MODULE_AVAILABLE_juce_events=1",
					"JUCE_MODULE_AVAILABLE_juce_graphics=1",
					"JUCE_MODULE_AVAILABLE_juce_gui_basics=1",
					"JUCE_MODULE_AVAILABLE_juce_gui_extra=1",
					"JUCE_GLOBAL_MODULE_SETTINGS_INCLUDED=1",
					"JUCE_VST3_CAN_REPLACE_VST2=0",
					"JUCE_STRICT_REFCOUNTEDPOINTER=1",
					"JucePlugin_Build_VST=0",
					"JucePlugin_Build_VST3=0",
					"JucePlugin_Build_AU=0",
					"JucePlugin_Build_AUv3=0",
					"JucePlugin_Build_AAX=0",
					"JucePlugin_Build_Standalone=1",
					"JucePlugin_Build_Unity=0",
					"JucePlugin_Build_LV2=0",
					"JucePlugin_Enable_IAA=0",
					"JucePlugin_Enable_ARA=0",
					"JucePlugin_Name=\\\"Phase\\ Inverter\\\"",
					"JucePlugin_Desc=\\\"Phase\\ Inverter\\\"",
					"JucePlugin_Manufacturer=\\\"yourcompany\\\"",
					"JucePlugin_ManufacturerWebsite=\\\"www.yourcompany.com\\\"",
					"JucePlugin_ManufacturerEmail=\\\"\\\"",
					"JucePlugin_ManufacturerCode=0x4d616e75",
					"JucePlugin_PluginCode=0x53336f32",
					"JucePlugin_IsSynth=0",
					"JucePlugin_WantsMidiInput=0",
					"JucePlugin_ProducesMidiOutput=0",
					"JucePlugin_IsMidiEffect=0",
					"JucePlugin_EditorRequiresKeyboardFocus=0",
					"JucePlugin_Version=1.0.0",
					"JucePlugin_VersionCode=0x10000",
					"JucePlugin_VersionString=\\\"1.0.0\\\"",
					"JucePlugin_VSTUniqueID=JucePlugin_PluginCode",
					"JucePlugin_VSTCategory=kPlugCategEffect",
					"JucePlugin_Vst3Category=\\\"Fx\\\"",
					"JucePlugin_AUMainType=\\'aufx\\'",
					"JucePlugin_AUSubType=JucePlugin_PluginCode",
					"JucePlugin_AUExportPrefix=PhaseInverterAU",
					"JucePlugin_AUExportPrefixQuoted=\\\"PhaseInverterAU\\\"",
					"JucePlugin_AUManufacturerCode=JucePlugin_ManufacturerCode",
					"JucePlugin_CFBundleIdentifier=com.yourcompany.PhaseInverter",
					"JucePlugin_AAXIdentifier=com.yourcompany.PhaseInverter",
					"JucePlugin_AAXManufacturerCode=JucePlugin_ManufacturerCode",
					"JucePlugin_AAXProductId=JucePlugin_PluginCode",
					"JucePlugin_AAXCategory=0",
					"JucePlugin_AAXDisableBypass=0",
					"JucePlugin_AAXDisableMultiMono=0",
					"JucePlugin_IAAType=0x61757278",
					"JucePlugin_IAASubType=JucePlugin_PluginCode",
					"JucePlugin_IAAName=\\\"yourcompany:\\ Phase\\ Inverter\\\"",
					"JucePlugin_VSTNumMidiInputs=16",
					"JucePlugin_VSTNumMidiOutputs=16",
					"JucePlugin_ARAContentTypes=0",
					"JucePlugin_ARATransformationFlags=0",
					"JucePlugin_ARAFactoryID=\\\"com.yourcompany.PhaseInverter.factory\\\"",
					"JucePlugin_ARADocumentArchiveID=\\\"com.yourcompany.PhaseInverter.aradocumentarchive.1.0.0\\\"",
					"JucePlugin_ARACompatibleArchiveIDs=\\\"\\\"",
					"JUCE_STANDALONE_APPLICATION=JucePlugin_Build_Standalone",
					"JUCER_XCODE_MAC_F6D2F4CF=1",
					"JUCE_APP_VERSION=1.0.0",
					"JUCE_APP_VERSION_HEX=0x10000",
				);
				GCC_VERSION = com.apple.compilers.llvm.clang.1_0;
				HEADER_SEARCH_PATHS = (
					"$(HOME)/JUCE/modules/juce_audio_processors/format_types/VST3_SDK",
					"$(SRCROOT)/../../JuceLibraryCode",
					"$(HOME)/JUCE/modules",
					"$(HOME)/JUCE/modules/juce_audio_plugin_client",
					"$(inherited)",
				);
				INFOPLIST_FILE = "Info-Standalone_Plugin.plist";
				INFOPLIST_PREPROCESS = NO;
				LLVM_LTO = YES;
				MACOSX_DEPLOYMENT_TARGET = 10.11;
				MTL_HEADER_SEARCH_PATHS = "$(HOME)/JUCE/modules/juce_audio_processors/format_types/VST3_SDK $(SRCROOT)/../../JuceLibraryCode $(HOME)/JUCE/modules $(HOME)/JUCE/modules/juce_audio_plugin_client";
				OTHER_LDFLAGS = (
					"-lPhase\\ Inverter",
					"-weak_framework",
					Metal,
					"-weak_framework",
					MetalKit,
				);
				PRODUCT_BUNDLE_IDENTIFIER = com.yourcompany.PhaseInverter;
				PRODUCT_NAME = "Phase Inverter";
				USE_HEADERMAP = NO;
				VALID_ARCHS = "i386 x86_64 arm64 arm64e";
			};
			name = Release;
		};
		9A281E0371AA6A045E7FB826 /* Debug */ = {
			isa = XCBuildConfiguration;
			buildSettings = {
				MACOSX_DEPLOYMENT_TARGET = 10.11;
				SDKROOT = macosx;
			};
			name = Debug;
		};
		9FCD7463CE99F4BFF9B9F7BC /* Release */ = {
			isa = XCBuildConfiguration;
			buildSettings = {
				CLANG_CXX_LANGUAGE_STANDARD = "c++14";
				CLANG_CXX_LIBRARY = "libc++";
				CLANG_LINK_OBJC_RUNTIME = NO;
				CODE_SIGN_IDENTITY = "";
				COMBINE_HIDPI_IMAGES = YES;
				CONFIGURATION_BUILD_DIR = "$(PROJECT_DIR)/build/$(CONFIGURATION)";
				DEAD_CODE_STRIPPING = YES;
				DEPLOYMENT_LOCATION = YES;
				DSTROOT = /;
				EXCLUDED_ARCHS = "";
				GCC_GENERATE_DEBUGGING_SYMBOLS = NO;
				GCC_OPTIMIZATION_LEVEL = 3;
				GCC_PREPROCESSOR_DEFINITIONS = (
					"_NDEBUG=1",
					"NDEBUG=1",
					"JUCE_DISPLAY_SPLASH_SCREEN=1",
					"JUCE_USE_DARK_SPLASH_SCREEN=1",
					"JUCE_PROJUCER_VERSION=0x70002",
					"JUCE_MODULE_AVAILABLE_juce_audio_basics=1",
					"JUCE_MODULE_AVAILABLE_juce_audio_devices=1",
					"JUCE_MODULE_AVAILABLE_juce_audio_formats=1",
					"JUCE_MODULE_AVAILABLE_juce_audio_plugin_client=1",
					"JUCE_MODULE_AVAILABLE_juce_audio_processors=1",
					"JUCE_MODULE_AVAILABLE_juce_audio_utils=1",
					"JUCE_MODULE_AVAILABLE_juce_core=1",
					"JUCE_MODULE_AVAILABLE_juce_data_structures=1",
					"JUCE_MODULE_AVAILABLE_juce_dsp=1",
					"JUCE_MODULE_AVAILABLE_juce_events=1",
					"JUCE_MODULE_AVAILABLE_juce_graphics=1",
					"JUCE_MODULE_AVAILABLE_juce_gui_basics=1",
					"JUCE_MODULE_AVAILABLE_juce_gui_extra=1",
					"JUCE_GLOBAL_MODULE_SETTINGS_INCLUDED=1",
					"JUCE_VST3_CAN_REPLACE_VST2=0",
					"JUCE_STRICT_REFCOUNTEDPOINTER=1",
					"JucePlugin_Build_VST=0",
					"JucePlugin_Build_VST3=1",
					"JucePlugin_Build_AU=0",
					"JucePlugin_Build_AUv3=0",
					"JucePlugin_Build_AAX=0",
					"JucePlugin_Build_Standalone=0",
					"JucePlugin_Build_Unity=0",
					"JucePlugin_Build_LV2=0",
					"JucePlugin_Enable_IAA=0",
					"JucePlugin_Enable_ARA=0",
					"JucePlugin_Name=\\\"Phase\\ Inverter\\\"",
					"JucePlugin_Desc=\\\"Phase\\ Inverter\\\"",
					"JucePlugin_Manufacturer=\\\"yourcompany\\\"",
					"JucePlugin_ManufacturerWebsite=\\\"www.yourcompany.com\\\"",
					"JucePlugin_ManufacturerEmail=\\\"\\\"",
					"JucePlugin_ManufacturerCode=0x4d616e75",
					"JucePlugin_PluginCode=0x53336f32",
					"JucePlugin_IsSynth=0",
					"JucePlugin_WantsMidiInput=0",
					"JucePlugin_ProducesMidiOutput=0",
					"JucePlugin_IsMidiEffect=0",
					"JucePlugin_EditorRequiresKeyboardFocus=0",
					"JucePlugin_Version=1.0.0",
					"JucePlugin_VersionCode=0x10000",
					"JucePlugin_VersionString=\\\"1.0.0\\\"",
					"JucePlugin_VSTUniqueID=JucePlugin_PluginCode",
					"JucePlugin_VSTCategory=kPlugCategEffect",
					"JucePlugin_Vst3Category=\\\"Fx\\\"",
					"JucePlugin_AUMainType=\\'aufx\\'",
					"JucePlugin_AUSubType=JucePlugin_PluginCode",
					"JucePlugin_AUExportPrefix=PhaseInverterAU",
					"JucePlugin_AUExportPrefixQuoted=\\\"PhaseInverterAU\\\"",
					"JucePlugin_AUManufacturerCode=JucePlugin_ManufacturerCode",
					"JucePlugin_CFBundleIdentifier=com.yourcompany.PhaseInverter",
					"JucePlugin_AAXIdentifier=com.yourcompany.PhaseInverter",
					"JucePlugin_AAXManufacturerCode=JucePlugin_ManufacturerCode",
					"JucePlugin_AAXProductId=JucePlugin_PluginCode",
					"JucePlugin_AAXCategory=0",
					"JucePlugin_AAXDisableBypass=0",
					"JucePlugin_AAXDisableMultiMono=0",
					"JucePlugin_IAAType=0x61757278",
					"JucePlugin_IAASubType=JucePlugin_PluginCode",
					"JucePlugin_IAAName=\\\"yourcompany:\\ Phase\\ Inverter\\\"",
					"JucePlugin_VSTNumMidiInputs=16",
					"JucePlugin_VSTNumMidiOutputs=16",
					"JucePlugin_ARAContentTypes=0",
					"JucePlugin_ARATransformationFlags=0",
					"JucePlugin_ARAFactoryID=\\\"com.yourcompany.PhaseInverter.factory\\\"",
					"JucePlugin_ARADocumentArchiveID=\\\"com.yourcompany.PhaseInverter.aradocumentarchive.1.0.0\\\"",
					"JucePlugin_ARACompatibleArchiveIDs=\\\"\\\"",
					"JUCE_STANDALONE_APPLICATION=JucePlugin_Build_Standalone",
					"JUCER_XCODE_MAC_F6D2F4CF=1",
					"JUCE_APP_VERSION=1.0.0",
					"JUCE_APP_VERSION_HEX=0x10000",
				);
				GCC_VERSION = com.apple.compilers.llvm.clang.1_0;
				GENERATE_PKGINFO_FILE = YES;
				HEADER_SEARCH_PATHS = (
					"$(HOME)/JUCE/modules/juce_audio_processors/format_types/VST3_SDK",
					"$(SRCROOT)/../../JuceLibraryCode",
					"$(HOME)/JUCE/modules",
					"$(HOME)/JUCE/modules/juce_audio_plugin_client",
					"$(inherited)",
				);
				INFOPLIST_FILE = "Info-VST3.plist";
				INFOPLIST_PREPROCESS = NO;
				INSTALL_PATH = "$(HOME)/Library/Audio/Plug-Ins/VST3/";
				LIBRARY_STYLE = Bundle;
				LLVM_LTO = YES;
				MACOSX_DEPLOYMENT_TARGET = 10.11;
				MTL_HEADER_SEARCH_PATHS = "$(HOME)/JUCE/modules/juce_audio_processors/format_types/VST3_SDK $(SRCROOT)/../../JuceLibraryCode $(HOME)/JUCE/modules $(HOME)/JUCE/modules/juce_audio_plugin_client";
				OTHER_LDFLAGS = (
					"-bundle",
					"-lPhase\\ Inverter",
					"-weak_framework",
					Metal,
					"-weak_framework",
					MetalKit,
				);
				PRODUCT_BUNDLE_IDENTIFIER = com.yourcompany.PhaseInverter;
				PRODUCT_NAME = "Phase Inverter";
				USE_HEADERMAP = NO;
				VALID_ARCHS = "i386 x86_64 arm64 arm64e";
				WRAPPER_EXTENSION = vst3;
			};
			name = Release;
		};
		CB668E0DEDA5B571445BCCC6 /* Debug */ = {
			isa = XCBuildConfiguration;
			buildSettings = {
				CLANG_CXX_LANGUAGE_STANDARD = "c++14";
				CLANG_CXX_LIBRARY = "libc++";
				CLANG_LINK_OBJC_RUNTIME = NO;
				CODE_SIGN_IDENTITY = "";
				COMBINE_HIDPI_IMAGES = YES;
				CONFIGURATION_BUILD_DIR = "$(PROJECT_DIR)/build/$(CONFIGURATION)";
				COPY_PHASE_STRIP = NO;
				EXCLUDED_ARCHS = "";
				GCC_DYNAMIC_NO_PIC = NO;
				GCC_OPTIMIZATION_LEVEL = 0;
				GCC_PREPROCESSOR_DEFINITIONS = (
					"_DEBUG=1",
					"DEBUG=1",
					"JUCE_DISPLAY_SPLASH_SCREEN=1",
					"JUCE_USE_DARK_SPLASH_SCREEN=1",
					"JUCE_PROJUCER_VERSION=0x70002",
					"JUCE_MODULE_AVAILABLE_juce_audio_basics=1",
					"JUCE_MODULE_AVAILABLE_juce_audio_devices=1",
					"JUCE_MODULE_AVAILABLE_juce_audio_formats=1",
					"JUCE_MODULE_AVAILABLE_juce_audio_plugin_client=1",
					"JUCE_MODULE_AVAILABLE_juce_audio_processors=1",
					"JUCE_MODULE_AVAILABLE_juce_audio_utils=1",
					"JUCE_MODULE_AVAILABLE_juce_core=1",
					"JUCE_MODULE_AVAILABLE_juce_data_structures=1",
					"JUCE_MODULE_AVAILABLE_juce_dsp=1",
					"JUCE_MODULE_AVAILABLE_juce_events=1",
					"JUCE_MODULE_AVAILABLE_juce_graphics=1",
					"JUCE_MODULE_AVAILABLE_juce_gui_basics=1",
					"JUCE_MODULE_AVAILABLE_juce_gui_extra=1",
					"JUCE_GLOBAL_MODULE_SETTINGS_INCLUDED=1",
					"JUCE_VST3_CAN_REPLACE_VST2=0",
					"JUCE_STRICT_REFCOUNTEDPOINTER=1",
					"JucePlugin_Build_VST=0",
					"JucePlugin_Build_VST3=0",
					"JucePlugin_Build_AU=0",
					"JucePlugin_Build_AUv3=0",
					"JucePlugin_Build_AAX=0",
					"JucePlugin_Build_Standalone=1",
					"JucePlugin_Build_Unity=0",
					"JucePlugin_Build_LV2=0",
					"JucePlugin_Enable_IAA=0",
					"JucePlugin_Enable_ARA=0",
					"JucePlugin_Name=\\\"Phase\\ Inverter\\\"",
					"JucePlugin_Desc=\\\"Phase\\ Inverter\\\"",
					"JucePlugin_Manufacturer=\\\"yourcompany\\\"",
					"JucePlugin_ManufacturerWebsite=\\\"www.yourcompany.com\\\"",
					"JucePlugin_ManufacturerEmail=\\\"\\\"",
					"JucePlugin_ManufacturerCode=0x4d616e75",
					"JucePlugin_PluginCode=0x53336f32",
					"JucePlugin_IsSynth=0",
					"JucePlugin_WantsMidiInput=0",
					"JucePlugin_ProducesMidiOutput=0",
					"JucePlugin_IsMidiEffect=0",
					"JucePlugin_EditorRequiresKeyboardFocus=0",
					"JucePlugin_Version=1.0.0",
					"JucePlugin_VersionCode=0x10000",
					"JucePlugin_VersionString=\\\"1.0.0\\\"",
					"JucePlugin_VSTUniqueID=JucePlugin_PluginCode",
					"JucePlugin_VSTCategory=kPlugCategEffect",
					"JucePlugin_Vst3Category=\\\"Fx\\\"",
					"JucePlugin_AUMainType=\\'aufx\\'",
					"JucePlugin_AUSubType=JucePlugin_PluginCode",
					"JucePlugin_AUExportPrefix=PhaseInverterAU",
					"JucePlugin_AUExportPrefixQuoted=\\\"PhaseInverterAU\\\"",
					"JucePlugin_AUManufacturerCode=JucePlugin_ManufacturerCode",
					"JucePlugin_CFBundleIdentifier=com.yourcompany.PhaseInverter",
					"JucePlugin_AAXIdentifier=com.yourcompany.PhaseInverter",
					"JucePlugin_AAXManufacturerCode=JucePlugin_ManufacturerCode",
					"JucePlugin_AAXProductId=JucePlugin_PluginCode",
					"JucePlugin_AAXCategory=0",
					"JucePlugin_AAXDisableBypass=0",
					"JucePlugin_AAXDisableMultiMono=0",
					"JucePlugin_IAAType=0x61757278",
					"JucePlugin_IAASubType=JucePlugin_PluginCode",
					"JucePlugin_IAAName=\\\"yourcompany:\\ Phase\\ Inverter\\\"",
					"JucePlugin_VSTNumMidiInputs=16",
					"JucePlugin_VSTNumMidiOutputs=16",
					"JucePlugin_ARAContentTypes=0",
					"JucePlugin_ARATransformationFlags=0",
					"JucePlugin_ARAFactoryID=\\\"com.yourcompany.PhaseInverter.factory\\\"",
					"JucePlugin_ARADocumentArchiveID=\\\"com.yourcompany.PhaseInverter.aradocumentarchive.1.0.0\\\"",
					"JucePlugin_ARACompatibleArchiveIDs=\\\"\\\"",
					"JUCE_STANDALONE_APPLICATION=JucePlugin_Build_Standalone",
					"JUCER_XCODE_MAC_F6D2F4CF=1",
					"JUCE_APP_VERSION=1.0.0",
					"JUCE_APP_VERSION_HEX=0x10000",
				);
				GCC_VERSION = com.apple.compilers.llvm.clang.1_0;
				HEADER_SEARCH_PATHS = (
					"$(HOME)/JUCE/modules/juce_audio_processors/format_types/VST3_SDK",
					"$(SRCROOT)/../../JuceLibraryCode",
					"$(HOME)/JUCE/modules",
					"$(HOME)/JUCE/modules/juce_audio_plugin_client",
					"$(inherited)",
				);
				INFOPLIST_FILE = "Info-Standalone_Plugin.plist";
				INFOPLIST_PREPROCESS = NO;
				MACOSX_DEPLOYMENT_TARGET = 10.11;
				MTL_HEADER_SEARCH_PATHS = "$(HOME)/JUCE/modules/juce_audio_processors/format_types/VST3_SDK $(SRCROOT)/../../JuceLibraryCode $(HOME)/JUCE/modules $(HOME)/JUCE/modules/juce_audio_plugin_client";
				OTHER_LDFLAGS = (
					"-lPhase\\ Inverter",
					"-weak_framework",
					Metal,
					"-weak_framework",
					MetalKit,
				);
				PRODUCT_BUNDLE_IDENTIFIER = com.yourcompany.PhaseInverter;
				PRODUCT_NAME = "Phase Inverter";
				USE_HEADERMAP = NO;
				VALID_ARCHS = "i386 x86_64 arm64 arm64e";
			};
			name = Debug;
		};
		D0478DBB6F0F96EE845BF1E1 /* Release */ = {
			isa = XCBuildConfiguration;
			buildSettings = {
				CLANG_CXX_LANGUAGE_STANDARD = "c++14";
				CLANG_CXX_LIBRARY = "libc++";
				CLANG_LINK_OBJC_RUNTIME = NO;
				CODE_SIGN_IDENTITY = "";
				COMBINE_HIDPI_IMAGES = YES;
				CONFIGURATION_BUILD_DIR = "$(PROJECT_DIR)/build/$(CONFIGURATION)";
				DEAD_CODE_STRIPPING = YES;
				EXCLUDED_ARCHS = "";
				GCC_GENERATE_DEBUGGING_SYMBOLS = NO;
				GCC_OPTIMIZATION_LEVEL = 3;
				GCC_PREPROCESSOR_DEFINITIONS = (
					"_NDEBUG=1",
					"NDEBUG=1",
					"JUCE_DISPLAY_SPLASH_SCREEN=1",
					"JUCE_USE_DARK_SPLASH_SCREEN=1",
					"JUCE_PROJUCER_VERSION=0x70002",
					"JUCE_MODULE_AVAILABLE_juce_audio_basics=1",
					"JUCE_MODULE_AVAILABLE_juce_audio_devices=1",
					"JUCE_MODULE_AVAILABLE_juce_audio_formats=1",
					"JUCE_MODULE_AVAILABLE_juce_audio_plugin_client=1",
					"JUCE_MODULE_AVAILABLE_juce_audio_processors=1",
					"JUCE_MODULE_AVAILABLE_juce_audio_utils=1",
					"JUCE_MODULE_AVAILABLE_juce_core=1",
					"JUCE_MODULE_AVAILABLE_juce_data_structures=1",
					"JUCE_MODULE_AVAILABLE_juce_dsp=1",
					"JUCE_MODULE_AVAILABLE_juce_events=1",
					"JUCE_MODULE_AVAILABLE_juce_graphics=1",
					"JUCE_MODULE_AVAILABLE_juce_gui_basics=1",
					"JUCE_MODULE_AVAILABLE_juce_gui_extra=1",
					"JUCE_GLOBAL_MODULE_SETTINGS_INCLUDED=1",
					"JUCE_VST3_CAN_REPLACE_VST2=0",
					"JUCE_STRICT_REFCOUNTEDPOINTER=1",
					"JucePlugin_Build_VST=0",
					"JucePlugin_Build_VST3=1",
					"JucePlugin_Build_AU=1",
					"JucePlugin_Build_AUv3=0",
					"JucePlugin_Build_AAX=0",
					"JucePlugin_Build_Standalone=1",
					"JucePlugin_Build_Unity=0",
					"JucePlugin_Build_LV2=0",
					"JucePlugin_Enable_IAA=0",
					"JucePlugin_Enable_ARA=0",
					"JucePlugin_Name=\\\"Phase\\ Inverter\\\"",
					"JucePlugin_Desc=\\\"Phase\\ Inverter\\\"",
					"JucePlugin_Manufacturer=\\\"yourcompany\\\"",
					"JucePlugin_ManufacturerWebsite=\\\"www.yourcompany.com\\\"",
					"JucePlugin_ManufacturerEmail=\\\"\\\"",
					"JucePlugin_ManufacturerCode=0x4d616e75",
					"JucePlugin_PluginCode=0x53336f32",
					"JucePlugin_IsSynth=0",
					"JucePlugin_WantsMidiInput=0",
					"JucePlugin_ProducesMidiOutput=0",
					"JucePlugin_IsMidiEffect=0",
					"JucePlugin_EditorRequiresKeyboardFocus=0",
					"JucePlugin_Version=1.0.0",
					"JucePlugin_VersionCode=0x10000",
					"JucePlugin_VersionString=\\\"1.0.0\\\"",
					"JucePlugin_VSTUniqueID=JucePlugin_PluginCode",
					"JucePlugin_VSTCategory=kPlugCategEffect",
					"JucePlugin_Vst3Category=\\\"Fx\\\"",
					"JucePlugin_AUMainType=\\'aufx\\'",
					"JucePlugin_AUSubType=JucePlugin_PluginCode",
					"JucePlugin_AUExportPrefix=PhaseInverterAU",
					"JucePlugin_AUExportPrefixQuoted=\\\"PhaseInverterAU\\\"",
					"JucePlugin_AUManufacturerCode=JucePlugin_ManufacturerCode",
					"JucePlugin_CFBundleIdentifier=com.yourcompany.PhaseInverter",
					"JucePlugin_AAXIdentifier=com.yourcompany.PhaseInverter",
					"JucePlugin_AAXManufacturerCode=JucePlugin_ManufacturerCode",
					"JucePlugin_AAXProductId=JucePlugin_PluginCode",
					"JucePlugin_AAXCategory=0",
					"JucePlugin_AAXDisableBypass=0",
					"JucePlugin_AAXDisableMultiMono=0",
					"JucePlugin_IAAType=0x61757278",
					"JucePlugin_IAASubType=JucePlugin_PluginCode",
					"JucePlugin_IAAName=\\\"yourcompany:\\ Phase\\ Inverter\\\"",
					"JucePlugin_VSTNumMidiInputs=16",
					"JucePlugin_VSTNumMidiOutputs=16",
					"JucePlugin_ARAContentTypes=0",
					"JucePlugin_ARATransformationFlags=0",
					"JucePlugin_ARAFactoryID=\\\"com.yourcompany.PhaseInverter.factory\\\"",
					"JucePlugin_ARADocumentArchiveID=\\\"com.yourcompany.PhaseInverter.aradocumentarchive.1.0.0\\\"",
					"JucePlugin_ARACompatibleArchiveIDs=\\\"\\\"",
					"JUCE_STANDALONE_APPLICATION=JucePlugin_Build_Standalone",
					"JUCER_XCODE_MAC_F6D2F4CF=1",
					"JUCE_APP_VERSION=1.0.0",
					"JUCE_APP_VERSION_HEX=0x10000",
					"JUCE_SHARED_CODE=1",
				);
				GCC_VERSION = com.apple.compilers.llvm.clang.1_0;
				HEADER_SEARCH_PATHS = (
					"$(HOME)/JUCE/modules/juce_audio_processors/format_types/VST3_SDK",
					"$(SRCROOT)/../../JuceLibraryCode",
					"$(HOME)/JUCE/modules",
					"$(HOME)/JUCE/modules/juce_audio_plugin_client",
					"$(inherited)",
				);
				INSTALL_PATH = "@executable_path/../Frameworks";
				LLVM_LTO = YES;
				MACOSX_DEPLOYMENT_TARGET = "$(RECOMMENDED_MACOSX_DEPLOYMENT_TARGET)";
				MTL_HEADER_SEARCH_PATHS = "$(HOME)/JUCE/modules/juce_audio_processors/format_types/VST3_SDK $(SRCROOT)/../../JuceLibraryCode $(HOME)/JUCE/modules $(HOME)/JUCE/modules/juce_audio_plugin_client";
				OTHER_LDFLAGS = (
					"-weak_framework",
					Metal,
					"-weak_framework",
					MetalKit,
				);
				PRODUCT_BUNDLE_IDENTIFIER = com.yourcompany.PhaseInverter;
				PRODUCT_NAME = "Phase Inverter";
				SKIP_INSTALL = YES;
				USE_HEADERMAP = NO;
				VALID_ARCHS = "i386 x86_64 arm64 arm64e";
			};
			name = Release;
		};
		F3E9F227083943EDDDEFC6A2 /* Debug */ = {
			isa = XCBuildConfiguration;
			buildSettings = {
				ALWAYS_SEARCH_USER_PATHS = NO;
				CLANG_ENABLE_OBJC_WEAK = YES;
				CLANG_WARN_BLOCK_CAPTURE_AUTORELEASING = YES;
				CLANG_WARN_BOOL_CONVERSION = YES;
				CLANG_WARN_COMMA = YES;
				CLANG_WARN_CONSTANT_CONVERSION = YES;
				CLANG_WARN_DEPRECATED_OBJC_IMPLEMENTATIONS = YES;
				CLANG_WARN_EMPTY_BODY = YES;
				CLANG_WARN_ENUM_CONVERSION = YES;
				CLANG_WARN_INFINITE_RECURSION = YES;
				CLANG_WARN_INT_CONVERSION = YES;
				CLANG_WARN_NON_LITERAL_NULL_CONVERSION = YES;
				CLANG_WARN_OBJC_IMPLICIT_RETAIN_SELF = YES;
				CLANG_WARN_OBJC_LITERAL_CONVERSION = YES;
				CLANG_WARN_RANGE_LOOP_ANALYSIS = YES;
				CLANG_WARN_STRICT_PROTOTYPES = YES;
				CLANG_WARN_SUSPICIOUS_MOVE = YES;
				CLANG_WARN_UNREACHABLE_CODE = YES;
				CLANG_WARN__DUPLICATE_METHOD_MATCH = YES;
				CODE_SIGN_IDENTITY = "";
				DEBUG_INFORMATION_FORMAT = dwarf;
				ENABLE_STRICT_OBJC_MSGSEND = YES;
				ENABLE_TESTABILITY = NO;
				GCC_C_LANGUAGE_STANDARD = c11;
				GCC_INLINES_ARE_PRIVATE_EXTERN = YES;
				GCC_MODEL_TUNING = G5;
				GCC_NO_COMMON_BLOCKS = YES;
				GCC_SYMBOLS_PRIVATE_EXTERN = YES;
				GCC_WARN_64_TO_32_BIT_CONVERSION = YES;
				GCC_WARN_ABOUT_RETURN_TYPE = YES;
				GCC_WARN_CHECK_SWITCH_STATEMENTS = YES;
				GCC_WARN_MISSING_PARENTHESES = YES;
				GCC_WARN_NON_VIRTUAL_DESTRUCTOR = YES;
				GCC_WARN_TYPECHECK_CALLS_TO_PRINTF = YES;
				GCC_WARN_UNDECLARED_SELECTOR = YES;
				GCC_WARN_UNINITIALIZED_AUTOS = YES;
				GCC_WARN_UNUSED_FUNCTION = YES;
				GCC_WARN_UNUSED_VARIABLE = YES;
				ONLY_ACTIVE_ARCH = YES;
				PRODUCT_NAME = "Phase Inverter";
				SDKROOT = macosx;
				WARNING_CFLAGS = "-Wreorder";
				ZERO_LINK = NO;
			};
			name = Debug;
		};
/* End XCBuildConfiguration section */

/* Begin XCConfigurationList section */
		1A1305FE083D180D6293F8EE /* Build configuration list for PBXNativeTarget "Phase Inverter - AU" */ = {
			isa = XCConfigurationList;
			buildConfigurations = (
				1645F531F9D4ACF5E38E039A /* Debug */,
				33BDC8D7D81B6B60D2CDE402 /* Release */,
			);
			defaultConfigurationIsVisible = 0;
			defaultConfigurationName = Debug;
		};
		40BB8042AAA089954897307D /* Build configuration list for PBXAggregateTarget "Phase Inverter - All" */ = {
			isa = XCConfigurationList;
			buildConfigurations = (
				9A281E0371AA6A045E7FB826 /* Debug */,
				4DD3C88E875C409893E17698 /* Release */,
			);
			defaultConfigurationIsVisible = 0;
			defaultConfigurationName = Debug;
		};
		4A5EE877F4C762CB55F3BB0E /* Build configuration list for PBXNativeTarget "Phase Inverter - VST3" */ = {
			isa = XCConfigurationList;
			buildConfigurations = (
				2E4FF9F1E23A027E58B6BA6E /* Debug */,
				9FCD7463CE99F4BFF9B9F7BC /* Release */,
			);
			defaultConfigurationIsVisible = 0;
			defaultConfigurationName = Debug;
		};
		74B7C498667F94BF0F9685C1 /* Build configuration list for PBXNativeTarget "Phase Inverter - Standalone Plugin" */ = {
			isa = XCConfigurationList;
			buildConfigurations = (
				CB668E0DEDA5B571445BCCC6 /* Debug */,
				5C5DB8E766BCDD9E1FF53E5B /* Release */,
			);
			defaultConfigurationIsVisible = 0;
			defaultConfigurationName = Debug;
		};
		D980CD60B238DECEF50F2F71 /* Build configuration list for PBXProject "Phase Inverter" */ = {
			isa = XCConfigurationList;
			buildConfigurations = (
				163B72250D0FAE3B2D0EBDE8 /* Release */,
				F3E9F227083943EDDDEFC6A2 /* Debug */,
			);
			defaultConfigurationIsVisible = 0;
			defaultConfigurationName = Debug;
		};
		F4F47EB19B61830E37F9D6AC /* Build configuration list for PBXNativeTarget "Phase Inverter - Shared Code" */ = {
			isa = XCConfigurationList;
			buildConfigurations = (
				0C950D207F35FFE88185F23E /* Debug */,
				D0478DBB6F0F96EE845BF1E1 /* Release */,
			);
			defaultConfigurationIsVisible = 0;
			defaultConfigurationName = Debug;
		};
/* End XCConfigurationList section */
	};
	rootObject = 06F8B82402484593245477AB /* Project object */;
}
